// !$*UTF8*$!
{
	archiveVersion = 1;
	classes = {
	};
	objectVersion = 46;
	objects = {

/* Begin PBXBuildFile section */
		18750C161907DA690066D41E /* AudioToolbox.framework in Frameworks */ = {isa = PBXBuildFile; fileRef = 18750C151907DA690066D41E /* AudioToolbox.framework */; };
		18750C1A1907DA790066D41E /* StoreKit.framework in Frameworks */ = {isa = PBXBuildFile; fileRef = 18750C191907DA790066D41E /* StoreKit.framework */; };
		187CDD44190545B100E51221 /* Localizable.strings in Resources */ = {isa = PBXBuildFile; fileRef = 187CDD46190545B100E51221 /* Localizable.strings */; };
		187CDD4D1905687100E51221 /* PassKit.framework in Frameworks */ = {isa = PBXBuildFile; fileRef = 187CDD4C1905687100E51221 /* PassKit.framework */; };
		2F05FF191904C11900777903 /* libiconv.dylib in Frameworks */ = {isa = PBXBuildFile; fileRef = 2F05FF181904C11900777903 /* libiconv.dylib */; };
		2F05FF1B1904C15700777903 /* libstdc++.dylib in Frameworks */ = {isa = PBXBuildFile; fileRef = 2F05FF1A1904C15700777903 /* libstdc++.dylib */; };
		2F05FF211904CDAF00777903 /* Utilies.m in Sources */ = {isa = PBXBuildFile; fileRef = 2F05FF201904CDAF00777903 /* Utilies.m */; };
		2F1D085D1903EC97008B9899 /* board_background@2x.png in Resources */ = {isa = PBXBuildFile; fileRef = 2F1D085C1903EC97008B9899 /* board_background@2x.png */; };
		2F1D08621903EFA7008B9899 /* comment_button@2x.png in Resources */ = {isa = PBXBuildFile; fileRef = 2F1D085E1903EFA7008B9899 /* comment_button@2x.png */; };
		2F1D08631903EFA7008B9899 /* continue_button@2x.png in Resources */ = {isa = PBXBuildFile; fileRef = 2F1D085F1903EFA7008B9899 /* continue_button@2x.png */; };
		2F1D08641903EFA7008B9899 /* restart_button@2x.png in Resources */ = {isa = PBXBuildFile; fileRef = 2F1D08601903EFA7008B9899 /* restart_button@2x.png */; };
		2F1D08651903EFA7008B9899 /* setting_title@2x.png in Resources */ = {isa = PBXBuildFile; fileRef = 2F1D08611903EFA7008B9899 /* setting_title@2x.png */; };
		2F1D086A1903F4CD008B9899 /* achievement_frame@2x.png in Resources */ = {isa = PBXBuildFile; fileRef = 2F1D08661903F4CD008B9899 /* achievement_frame@2x.png */; };
		2F1D086B1903F4CD008B9899 /* game_over_title@2x.png in Resources */ = {isa = PBXBuildFile; fileRef = 2F1D08671903F4CD008B9899 /* game_over_title@2x.png */; };
		2F1D086C1903F4CD008B9899 /* newgame_button@2x.png in Resources */ = {isa = PBXBuildFile; fileRef = 2F1D08681903F4CD008B9899 /* newgame_button@2x.png */; };
		2F1D086D1903F4CD008B9899 /* share_button@2x.png in Resources */ = {isa = PBXBuildFile; fileRef = 2F1D08691903F4CD008B9899 /* share_button@2x.png */; };
		2F1D087919040461008B9899 /* bra_A@2x.png in Resources */ = {isa = PBXBuildFile; fileRef = 2F1D086E19040461008B9899 /* bra_A@2x.png */; };
		2F1D087A19040461008B9899 /* bra_B@2x.png in Resources */ = {isa = PBXBuildFile; fileRef = 2F1D086F19040461008B9899 /* bra_B@2x.png */; };
		2F1D087B19040461008B9899 /* bra_C@2x.png in Resources */ = {isa = PBXBuildFile; fileRef = 2F1D087019040461008B9899 /* bra_C@2x.png */; };
		2F1D087C19040461008B9899 /* bra_D@2x.png in Resources */ = {isa = PBXBuildFile; fileRef = 2F1D087119040461008B9899 /* bra_D@2x.png */; };
		2F1D087D19040461008B9899 /* bra_E@2x.png in Resources */ = {isa = PBXBuildFile; fileRef = 2F1D087219040461008B9899 /* bra_E@2x.png */; };
		2F1D087E19040461008B9899 /* bra_F@2x.png in Resources */ = {isa = PBXBuildFile; fileRef = 2F1D087319040461008B9899 /* bra_F@2x.png */; };
		2F1D087F19040461008B9899 /* bra_G@2x.png in Resources */ = {isa = PBXBuildFile; fileRef = 2F1D087419040461008B9899 /* bra_G@2x.png */; };
		2F1D088019040461008B9899 /* bra_H@2x.png in Resources */ = {isa = PBXBuildFile; fileRef = 2F1D087519040461008B9899 /* bra_H@2x.png */; };
		2F1D088119040461008B9899 /* bra_I@2x.png in Resources */ = {isa = PBXBuildFile; fileRef = 2F1D087619040461008B9899 /* bra_I@2x.png */; };
		2F1D088219040461008B9899 /* bra_J@2x.png in Resources */ = {isa = PBXBuildFile; fileRef = 2F1D087719040461008B9899 /* bra_J@2x.png */; };
		2F1D088319040461008B9899 /* bra_K@2x.png in Resources */ = {isa = PBXBuildFile; fileRef = 2F1D087819040461008B9899 /* bra_K@2x.png */; };
		2F21A9521907F8F80095C3B2 /* toptitle_label@2x.png in Resources */ = {isa = PBXBuildFile; fileRef = 2F21A9511907F8F80095C3B2 /* toptitle_label@2x.png */; };
		2F3BF45F190028BE00D8DCDF /* Foundation.framework in Frameworks */ = {isa = PBXBuildFile; fileRef = 2F3BF45E190028BE00D8DCDF /* Foundation.framework */; };
		2F3BF461190028BE00D8DCDF /* CoreGraphics.framework in Frameworks */ = {isa = PBXBuildFile; fileRef = 2F3BF460190028BE00D8DCDF /* CoreGraphics.framework */; };
		2F3BF463190028BF00D8DCDF /* UIKit.framework in Frameworks */ = {isa = PBXBuildFile; fileRef = 2F3BF462190028BF00D8DCDF /* UIKit.framework */; };
		2F3BF465190028BF00D8DCDF /* CoreData.framework in Frameworks */ = {isa = PBXBuildFile; fileRef = 2F3BF464190028BF00D8DCDF /* CoreData.framework */; };
		2F3BF46B190028BF00D8DCDF /* InfoPlist.strings in Resources */ = {isa = PBXBuildFile; fileRef = 2F3BF469190028BF00D8DCDF /* InfoPlist.strings */; };
		2F3BF46D190028BF00D8DCDF /* main.m in Sources */ = {isa = PBXBuildFile; fileRef = 2F3BF46C190028BF00D8DCDF /* main.m */; };
		2F3BF471190028BF00D8DCDF /* New2048AppDelegate.m in Sources */ = {isa = PBXBuildFile; fileRef = 2F3BF470190028BF00D8DCDF /* New2048AppDelegate.m */; };
		2F3BF474190028BF00D8DCDF /* New2048.xcdatamodeld in Sources */ = {isa = PBXBuildFile; fileRef = 2F3BF472190028BF00D8DCDF /* New2048.xcdatamodeld */; };
		2F3BF476190028BF00D8DCDF /* Images.xcassets in Resources */ = {isa = PBXBuildFile; fileRef = 2F3BF475190028BF00D8DCDF /* Images.xcassets */; };
		2F3BF47D190028BF00D8DCDF /* XCTest.framework in Frameworks */ = {isa = PBXBuildFile; fileRef = 2F3BF47C190028BF00D8DCDF /* XCTest.framework */; };
		2F3BF47E190028BF00D8DCDF /* Foundation.framework in Frameworks */ = {isa = PBXBuildFile; fileRef = 2F3BF45E190028BE00D8DCDF /* Foundation.framework */; };
		2F3BF47F190028BF00D8DCDF /* UIKit.framework in Frameworks */ = {isa = PBXBuildFile; fileRef = 2F3BF462190028BF00D8DCDF /* UIKit.framework */; };
		2F3BF480190028BF00D8DCDF /* CoreData.framework in Frameworks */ = {isa = PBXBuildFile; fileRef = 2F3BF464190028BF00D8DCDF /* CoreData.framework */; };
		2F3BF488190028BF00D8DCDF /* InfoPlist.strings in Resources */ = {isa = PBXBuildFile; fileRef = 2F3BF486190028BF00D8DCDF /* InfoPlist.strings */; };
		2F3BF48A190028BF00D8DCDF /* New2048Tests.m in Sources */ = {isa = PBXBuildFile; fileRef = 2F3BF489190028BF00D8DCDF /* New2048Tests.m */; };
		2F3BF4981900294100D8DCDF /* Global.cpp in Sources */ = {isa = PBXBuildFile; fileRef = 2F3BF4961900294100D8DCDF /* Global.cpp */; };
		2F3BF49B1900298A00D8DCDF /* DatabaseAccessor.m in Sources */ = {isa = PBXBuildFile; fileRef = 2F3BF49A1900298A00D8DCDF /* DatabaseAccessor.m */; };
		2F3BF49F19002A0200D8DCDF /* GameViewController.m in Sources */ = {isa = PBXBuildFile; fileRef = 2F3BF49D19002A0200D8DCDF /* GameViewController.m */; };
		2F3BF4A019002A0200D8DCDF /* GameViewController.xib in Resources */ = {isa = PBXBuildFile; fileRef = 2F3BF49E19002A0200D8DCDF /* GameViewController.xib */; };
		2F3BF4A419002A3700D8DCDF /* OptionViewController.m in Sources */ = {isa = PBXBuildFile; fileRef = 2F3BF4A219002A3700D8DCDF /* OptionViewController.m */; };
		2F3E0B4B1906CF2800F04011 /* game_over_title_en@2x.png in Resources */ = {isa = PBXBuildFile; fileRef = 2F3E0B481906CF2800F04011 /* game_over_title_en@2x.png */; };
		2F3E0B4C1906CF2800F04011 /* newgame_button_en@2x.png in Resources */ = {isa = PBXBuildFile; fileRef = 2F3E0B491906CF2800F04011 /* newgame_button_en@2x.png */; };
		2F3E0B4D1906CF2800F04011 /* share_button_en@2x.png in Resources */ = {isa = PBXBuildFile; fileRef = 2F3E0B4A1906CF2800F04011 /* share_button_en@2x.png */; };
		2F3E0B521906D2BC00F04011 /* comment_button_en@2x.png in Resources */ = {isa = PBXBuildFile; fileRef = 2F3E0B4E1906D2BC00F04011 /* comment_button_en@2x.png */; };
		2F3E0B531906D2BC00F04011 /* continue_button_en@2x.png in Resources */ = {isa = PBXBuildFile; fileRef = 2F3E0B4F1906D2BC00F04011 /* continue_button_en@2x.png */; };
		2F3E0B541906D2BC00F04011 /* restart_button_en@2x.png in Resources */ = {isa = PBXBuildFile; fileRef = 2F3E0B501906D2BC00F04011 /* restart_button_en@2x.png */; };
		2F3E0B551906D2BC00F04011 /* setting_title_en@2x.png in Resources */ = {isa = PBXBuildFile; fileRef = 2F3E0B511906D2BC00F04011 /* setting_title_en@2x.png */; };
		2F46523E1900D104004E3338 /* QBAnimationGroup.m in Sources */ = {isa = PBXBuildFile; fileRef = 2F4652391900D104004E3338 /* QBAnimationGroup.m */; };
		2F46523F1900D104004E3338 /* QBAnimationItem.m in Sources */ = {isa = PBXBuildFile; fileRef = 2F46523B1900D104004E3338 /* QBAnimationItem.m */; };
		2F4652401900D104004E3338 /* QBAnimationSequence.m in Sources */ = {isa = PBXBuildFile; fileRef = 2F46523D1900D104004E3338 /* QBAnimationSequence.m */; };
		2FBF3C421903B73A00C2D579 /* GameOverViewController.m in Sources */ = {isa = PBXBuildFile; fileRef = 2FBF3C401903B73A00C2D579 /* GameOverViewController.m */; };
		2FBF3C431903B73A00C2D579 /* GameOverViewController.xib in Resources */ = {isa = PBXBuildFile; fileRef = 2FBF3C411903B73A00C2D579 /* GameOverViewController.xib */; };
		2FBF3C451903B95800C2D579 /* OptionViewController.xib in Resources */ = {isa = PBXBuildFile; fileRef = 2FBF3C441903B95800C2D579 /* OptionViewController.xib */; };
		2FBF3C5D1903BBF000C2D579 /* Security.framework in Frameworks */ = {isa = PBXBuildFile; fileRef = 2FBF3C5C1903BBF000C2D579 /* Security.framework */; };
		2FBF3C5F1903BBF800C2D579 /* CoreTelephony.framework in Frameworks */ = {isa = PBXBuildFile; fileRef = 2FBF3C5E1903BBF800C2D579 /* CoreTelephony.framework */; };
		2FBF3C611903BBFF00C2D579 /* MessageUI.framework in Frameworks */ = {isa = PBXBuildFile; fileRef = 2FBF3C601903BBFF00C2D579 /* MessageUI.framework */; };
		2FBF3C631903BC0500C2D579 /* CFNetwork.framework in Frameworks */ = {isa = PBXBuildFile; fileRef = 2FBF3C621903BC0500C2D579 /* CFNetwork.framework */; };
		2FBF3C651903BC0D00C2D579 /* MobileCoreServices.framework in Frameworks */ = {isa = PBXBuildFile; fileRef = 2FBF3C641903BC0D00C2D579 /* MobileCoreServices.framework */; };
		2FBF3C671903BC1600C2D579 /* libz.dylib in Frameworks */ = {isa = PBXBuildFile; fileRef = 2FBF3C661903BC1600C2D579 /* libz.dylib */; };
		2FBF3C691903BC1E00C2D579 /* CoreMedia.framework in Frameworks */ = {isa = PBXBuildFile; fileRef = 2FBF3C681903BC1E00C2D579 /* CoreMedia.framework */; };
		2FBF3C6B1903BC2700C2D579 /* MediaPlayer.framework in Frameworks */ = {isa = PBXBuildFile; fileRef = 2FBF3C6A1903BC2700C2D579 /* MediaPlayer.framework */; };
		2FBF3C6D1903BC2D00C2D579 /* QuartzCore.framework in Frameworks */ = {isa = PBXBuildFile; fileRef = 2FBF3C6C1903BC2D00C2D579 /* QuartzCore.framework */; };
		2FBF3C6F1903BC3700C2D579 /* CoreText.framework in Frameworks */ = {isa = PBXBuildFile; fileRef = 2FBF3C6E1903BC3700C2D579 /* CoreText.framework */; };
		2FBF3C711903BC3D00C2D579 /* AdSupport.framework in Frameworks */ = {isa = PBXBuildFile; fileRef = 2FBF3C701903BC3D00C2D579 /* AdSupport.framework */; };
		2FBF3C731903BC4300C2D579 /* CoreLocation.framework in Frameworks */ = {isa = PBXBuildFile; fileRef = 2FBF3C721903BC4300C2D579 /* CoreLocation.framework */; };
		2FBF3C791903BC5B00C2D579 /* Social.framework in Frameworks */ = {isa = PBXBuildFile; fileRef = 2FBF3C781903BC5B00C2D579 /* Social.framework */; };
		2FBF3C7B1903BC6600C2D579 /* EventKit.framework in Frameworks */ = {isa = PBXBuildFile; fileRef = 2FBF3C7A1903BC6600C2D579 /* EventKit.framework */; };
		2FBF3C7D1903BC6E00C2D579 /* AVFoundation.framework in Frameworks */ = {isa = PBXBuildFile; fileRef = 2FBF3C7C1903BC6E00C2D579 /* AVFoundation.framework */; };
		2FBF3C811903BC8B00C2D579 /* libsqlite3.dylib in Frameworks */ = {isa = PBXBuildFile; fileRef = 2FBF3C801903BC8B00C2D579 /* libsqlite3.dylib */; };
		2FBF3C831903BCB500C2D579 /* SystemConfiguration.framework in Frameworks */ = {isa = PBXBuildFile; fileRef = 2FBF3C821903BCB500C2D579 /* SystemConfiguration.framework */; };
		2FBF3C8E1903BFAC00C2D579 /* DomobAdSDKBundle.bundle in Resources */ = {isa = PBXBuildFile; fileRef = 2FBF3C8C1903BFAC00C2D579 /* DomobAdSDKBundle.bundle */; };
		2FBF3C8F1903BFAC00C2D579 /* libDomobAdSDK.a in Frameworks */ = {isa = PBXBuildFile; fileRef = 2FBF3C8D1903BFAC00C2D579 /* libDomobAdSDK.a */; };
		2FBF3CA21903C48900C2D579 /* board_background_old@2x.png in Resources */ = {isa = PBXBuildFile; fileRef = 2FBF3C941903C48900C2D579 /* board_background_old@2x.png */; };
		2FBF3CA31903C48900C2D579 /* chess_2@2x.png in Resources */ = {isa = PBXBuildFile; fileRef = 2FBF3C951903C48900C2D579 /* chess_2@2x.png */; };
		2FBF3CA41903C48900C2D579 /* chess_4@2x.png in Resources */ = {isa = PBXBuildFile; fileRef = 2FBF3C961903C48900C2D579 /* chess_4@2x.png */; };
		2FBF3CA51903C48900C2D579 /* chess_8@2x.png in Resources */ = {isa = PBXBuildFile; fileRef = 2FBF3C971903C48900C2D579 /* chess_8@2x.png */; };
		2FBF3CA61903C48900C2D579 /* chess_16@2x.png in Resources */ = {isa = PBXBuildFile; fileRef = 2FBF3C981903C48900C2D579 /* chess_16@2x.png */; };
		2FBF3CA71903C48900C2D579 /* chess_32@2x.png in Resources */ = {isa = PBXBuildFile; fileRef = 2FBF3C991903C48900C2D579 /* chess_32@2x.png */; };
		2FBF3CA81903C48900C2D579 /* chess_64@2x.png in Resources */ = {isa = PBXBuildFile; fileRef = 2FBF3C9A1903C48900C2D579 /* chess_64@2x.png */; };
		2FBF3CA91903C48900C2D579 /* chess_128@2x.png in Resources */ = {isa = PBXBuildFile; fileRef = 2FBF3C9B1903C48900C2D579 /* chess_128@2x.png */; };
		2FBF3CAA1903C48900C2D579 /* chess_256@2x.png in Resources */ = {isa = PBXBuildFile; fileRef = 2FBF3C9C1903C48900C2D579 /* chess_256@2x.png */; };
		2FBF3CAB1903C48900C2D579 /* chess_1024@2x.png in Resources */ = {isa = PBXBuildFile; fileRef = 2FBF3C9D1903C48900C2D579 /* chess_1024@2x.png */; };
		2FBF3CAC1903C48900C2D579 /* chess_2048@2x.png in Resources */ = {isa = PBXBuildFile; fileRef = 2FBF3C9E1903C48900C2D579 /* chess_2048@2x.png */; };
		2FBF3CAD1903C48900C2D579 /* chess_background@2x.png in Resources */ = {isa = PBXBuildFile; fileRef = 2FBF3C9F1903C48900C2D579 /* chess_background@2x.png */; };
		2FBF3CAE1903C48900C2D579 /* setting_icon@2x.png in Resources */ = {isa = PBXBuildFile; fileRef = 2FBF3CA01903C48900C2D579 /* setting_icon@2x.png */; };
		2FBF3CAF1903C48900C2D579 /* toolbar_background@2x.png in Resources */ = {isa = PBXBuildFile; fileRef = 2FBF3CA11903C48900C2D579 /* toolbar_background@2x.png */; };
		2FBF3CB21903CFD100C2D579 /* GameState.m in Sources */ = {isa = PBXBuildFile; fileRef = 2FBF3CB11903CFD100C2D579 /* GameState.m */; };
		2FDFDB3A1902C25700EA07B8 /* UMSocialLocalizable.strings in Resources */ = {isa = PBXBuildFile; fileRef = 2FDFDB201902C25700EA07B8 /* UMSocialLocalizable.strings */; };
		2FDFDB3B1902C25700EA07B8 /* libUMSocial_Sdk_3.3.7.a in Frameworks */ = {isa = PBXBuildFile; fileRef = 2FDFDB2E1902C25700EA07B8 /* libUMSocial_Sdk_3.3.7.a */; };
		2FDFDB3C1902C25700EA07B8 /* UMSCommentDetailController.xib in Resources */ = {isa = PBXBuildFile; fileRef = 2FDFDB301902C25700EA07B8 /* UMSCommentDetailController.xib */; };
		2FDFDB3D1902C25700EA07B8 /* UMSCommentInputController.xib in Resources */ = {isa = PBXBuildFile; fileRef = 2FDFDB311902C25700EA07B8 /* UMSCommentInputController.xib */; };
		2FDFDB3E1902C25700EA07B8 /* UMSCommentInputControlleriPad.xib in Resources */ = {isa = PBXBuildFile; fileRef = 2FDFDB321902C25700EA07B8 /* UMSCommentInputControlleriPad.xib */; };
		2FDFDB3F1902C25700EA07B8 /* UMShareEditViewController.xib in Resources */ = {isa = PBXBuildFile; fileRef = 2FDFDB331902C25700EA07B8 /* UMShareEditViewController.xib */; };
		2FDFDB401902C25700EA07B8 /* UMShareEditViewControlleriPad.xib in Resources */ = {isa = PBXBuildFile; fileRef = 2FDFDB341902C25700EA07B8 /* UMShareEditViewControlleriPad.xib */; };
		2FDFDB411902C25700EA07B8 /* UMSLoginViewController.xib in Resources */ = {isa = PBXBuildFile; fileRef = 2FDFDB351902C25700EA07B8 /* UMSLoginViewController.xib */; };
		2FDFDB421902C25700EA07B8 /* UMSnsAccountViewController.xib in Resources */ = {isa = PBXBuildFile; fileRef = 2FDFDB361902C25700EA07B8 /* UMSnsAccountViewController.xib */; };
		2FDFDB431902C25700EA07B8 /* UMSShareListController.xib in Resources */ = {isa = PBXBuildFile; fileRef = 2FDFDB371902C25700EA07B8 /* UMSShareListController.xib */; };
		2FDFDB441902C25700EA07B8 /* UMSocialSDKResourcesNew.bundle in Resources */ = {isa = PBXBuildFile; fileRef = 2FDFDB381902C25700EA07B8 /* UMSocialSDKResourcesNew.bundle */; };
		2FEC43001904E2EB0073E4E5 /* sound_1.wav in Resources */ = {isa = PBXBuildFile; fileRef = 2FEC42FF1904E2EB0073E4E5 /* sound_1.wav */; };
		2FEC43021904E3870073E4E5 /* sound_2.wav in Resources */ = {isa = PBXBuildFile; fileRef = 2FEC43011904E3870073E4E5 /* sound_2.wav */; };
		CEB75C96190626FB00D9B7F9 /* chess_512@2x.png in Resources */ = {isa = PBXBuildFile; fileRef = CEB75C95190626FB00D9B7F9 /* chess_512@2x.png */; };
/* End PBXBuildFile section */

/* Begin PBXContainerItemProxy section */
		2F3BF481190028BF00D8DCDF /* PBXContainerItemProxy */ = {
			isa = PBXContainerItemProxy;
			containerPortal = 2F3BF453190028BE00D8DCDF /* Project object */;
			proxyType = 1;
			remoteGlobalIDString = 2F3BF45A190028BE00D8DCDF;
			remoteInfo = New2048;
		};
/* End PBXContainerItemProxy section */

/* Begin PBXFileReference section */
		18750C151907DA690066D41E /* AudioToolbox.framework */ = {isa = PBXFileReference; lastKnownFileType = wrapper.framework; name = AudioToolbox.framework; path = System/Library/Frameworks/AudioToolbox.framework; sourceTree = SDKROOT; };
		18750C191907DA790066D41E /* StoreKit.framework */ = {isa = PBXFileReference; lastKnownFileType = wrapper.framework; name = StoreKit.framework; path = System/Library/Frameworks/StoreKit.framework; sourceTree = SDKROOT; };
		187CDD3E1905454700E51221 /* zh-Hans */ = {isa = PBXFileReference; lastKnownFileType = text.plist.strings; name = "zh-Hans"; path = "zh-Hans.lproj/InfoPlist.strings"; sourceTree = "<group>"; };
		187CDD45190545B100E51221 /* en */ = {isa = PBXFileReference; lastKnownFileType = text.plist.strings; name = en; path = en.lproj/Localizable.strings; sourceTree = "<group>"; };
		187CDD47190545B600E51221 /* zh-Hans */ = {isa = PBXFileReference; lastKnownFileType = text.plist.strings; name = "zh-Hans"; path = "zh-Hans.lproj/Localizable.strings"; sourceTree = "<group>"; };
		187CDD491905683300E51221 /* New2048.entitlements */ = {isa = PBXFileReference; lastKnownFileType = text.xml; path = New2048.entitlements; sourceTree = "<group>"; };
		187CDD4C1905687100E51221 /* PassKit.framework */ = {isa = PBXFileReference; lastKnownFileType = wrapper.framework; name = PassKit.framework; path = System/Library/Frameworks/PassKit.framework; sourceTree = SDKROOT; };
		2F05FF181904C11900777903 /* libiconv.dylib */ = {isa = PBXFileReference; lastKnownFileType = "compiled.mach-o.dylib"; name = libiconv.dylib; path = usr/lib/libiconv.dylib; sourceTree = SDKROOT; };
		2F05FF1A1904C15700777903 /* libstdc++.dylib */ = {isa = PBXFileReference; lastKnownFileType = "compiled.mach-o.dylib"; name = "libstdc++.dylib"; path = "usr/lib/libstdc++.dylib"; sourceTree = SDKROOT; };
		2F05FF1F1904CDAF00777903 /* Utilies.h */ = {isa = PBXFileReference; fileEncoding = 4; lastKnownFileType = sourcecode.c.h; path = Utilies.h; sourceTree = "<group>"; };
		2F05FF201904CDAF00777903 /* Utilies.m */ = {isa = PBXFileReference; fileEncoding = 4; lastKnownFileType = sourcecode.c.objc; path = Utilies.m; sourceTree = "<group>"; };
		2F1D085C1903EC97008B9899 /* board_background@2x.png */ = {isa = PBXFileReference; lastKnownFileType = image.png; path = "board_background@2x.png"; sourceTree = "<group>"; };
		2F1D085E1903EFA7008B9899 /* comment_button@2x.png */ = {isa = PBXFileReference; lastKnownFileType = image.png; path = "comment_button@2x.png"; sourceTree = "<group>"; };
		2F1D085F1903EFA7008B9899 /* continue_button@2x.png */ = {isa = PBXFileReference; lastKnownFileType = image.png; path = "continue_button@2x.png"; sourceTree = "<group>"; };
		2F1D08601903EFA7008B9899 /* restart_button@2x.png */ = {isa = PBXFileReference; lastKnownFileType = image.png; path = "restart_button@2x.png"; sourceTree = "<group>"; };
		2F1D08611903EFA7008B9899 /* setting_title@2x.png */ = {isa = PBXFileReference; lastKnownFileType = image.png; path = "setting_title@2x.png"; sourceTree = "<group>"; };
		2F1D08661903F4CD008B9899 /* achievement_frame@2x.png */ = {isa = PBXFileReference; lastKnownFileType = image.png; path = "achievement_frame@2x.png"; sourceTree = "<group>"; };
		2F1D08671903F4CD008B9899 /* game_over_title@2x.png */ = {isa = PBXFileReference; lastKnownFileType = image.png; path = "game_over_title@2x.png"; sourceTree = "<group>"; };
		2F1D08681903F4CD008B9899 /* newgame_button@2x.png */ = {isa = PBXFileReference; lastKnownFileType = image.png; path = "newgame_button@2x.png"; sourceTree = "<group>"; };
		2F1D08691903F4CD008B9899 /* share_button@2x.png */ = {isa = PBXFileReference; lastKnownFileType = image.png; path = "share_button@2x.png"; sourceTree = "<group>"; };
		2F1D086E19040461008B9899 /* bra_A@2x.png */ = {isa = PBXFileReference; lastKnownFileType = image.png; path = "bra_A@2x.png"; sourceTree = "<group>"; };
		2F1D086F19040461008B9899 /* bra_B@2x.png */ = {isa = PBXFileReference; lastKnownFileType = image.png; path = "bra_B@2x.png"; sourceTree = "<group>"; };
		2F1D087019040461008B9899 /* bra_C@2x.png */ = {isa = PBXFileReference; lastKnownFileType = image.png; path = "bra_C@2x.png"; sourceTree = "<group>"; };
		2F1D087119040461008B9899 /* bra_D@2x.png */ = {isa = PBXFileReference; lastKnownFileType = image.png; path = "bra_D@2x.png"; sourceTree = "<group>"; };
		2F1D087219040461008B9899 /* bra_E@2x.png */ = {isa = PBXFileReference; lastKnownFileType = image.png; path = "bra_E@2x.png"; sourceTree = "<group>"; };
		2F1D087319040461008B9899 /* bra_F@2x.png */ = {isa = PBXFileReference; lastKnownFileType = image.png; path = "bra_F@2x.png"; sourceTree = "<group>"; };
		2F1D087419040461008B9899 /* bra_G@2x.png */ = {isa = PBXFileReference; lastKnownFileType = image.png; path = "bra_G@2x.png"; sourceTree = "<group>"; };
		2F1D087519040461008B9899 /* bra_H@2x.png */ = {isa = PBXFileReference; lastKnownFileType = image.png; path = "bra_H@2x.png"; sourceTree = "<group>"; };
		2F1D087619040461008B9899 /* bra_I@2x.png */ = {isa = PBXFileReference; lastKnownFileType = image.png; path = "bra_I@2x.png"; sourceTree = "<group>"; };
		2F1D087719040461008B9899 /* bra_J@2x.png */ = {isa = PBXFileReference; lastKnownFileType = image.png; path = "bra_J@2x.png"; sourceTree = "<group>"; };
		2F1D087819040461008B9899 /* bra_K@2x.png */ = {isa = PBXFileReference; lastKnownFileType = image.png; path = "bra_K@2x.png"; sourceTree = "<group>"; };
		2F21A9511907F8F80095C3B2 /* toptitle_label@2x.png */ = {isa = PBXFileReference; lastKnownFileType = image.png; path = "toptitle_label@2x.png"; sourceTree = "<group>"; };
		2F3BF45B190028BE00D8DCDF /* New2048.app */ = {isa = PBXFileReference; explicitFileType = wrapper.application; includeInIndex = 0; path = New2048.app; sourceTree = BUILT_PRODUCTS_DIR; };
		2F3BF45E190028BE00D8DCDF /* Foundation.framework */ = {isa = PBXFileReference; lastKnownFileType = wrapper.framework; name = Foundation.framework; path = System/Library/Frameworks/Foundation.framework; sourceTree = SDKROOT; };
		2F3BF460190028BE00D8DCDF /* CoreGraphics.framework */ = {isa = PBXFileReference; lastKnownFileType = wrapper.framework; name = CoreGraphics.framework; path = System/Library/Frameworks/CoreGraphics.framework; sourceTree = SDKROOT; };
		2F3BF462190028BF00D8DCDF /* UIKit.framework */ = {isa = PBXFileReference; lastKnownFileType = wrapper.framework; name = UIKit.framework; path = System/Library/Frameworks/UIKit.framework; sourceTree = SDKROOT; };
		2F3BF464190028BF00D8DCDF /* CoreData.framework */ = {isa = PBXFileReference; lastKnownFileType = wrapper.framework; name = CoreData.framework; path = System/Library/Frameworks/CoreData.framework; sourceTree = SDKROOT; };
		2F3BF468190028BF00D8DCDF /* New2048-Info.plist */ = {isa = PBXFileReference; lastKnownFileType = text.plist.xml; path = "New2048-Info.plist"; sourceTree = "<group>"; };
		2F3BF46A190028BF00D8DCDF /* en */ = {isa = PBXFileReference; lastKnownFileType = text.plist.strings; name = en; path = en.lproj/InfoPlist.strings; sourceTree = "<group>"; };
		2F3BF46C190028BF00D8DCDF /* main.m */ = {isa = PBXFileReference; lastKnownFileType = sourcecode.c.objc; path = main.m; sourceTree = "<group>"; };
		2F3BF46E190028BF00D8DCDF /* New2048-Prefix.pch */ = {isa = PBXFileReference; lastKnownFileType = sourcecode.c.h; path = "New2048-Prefix.pch"; sourceTree = "<group>"; };
		2F3BF46F190028BF00D8DCDF /* New2048AppDelegate.h */ = {isa = PBXFileReference; lastKnownFileType = sourcecode.c.h; path = New2048AppDelegate.h; sourceTree = "<group>"; };
		2F3BF470190028BF00D8DCDF /* New2048AppDelegate.m */ = {isa = PBXFileReference; lastKnownFileType = sourcecode.c.objc; path = New2048AppDelegate.m; sourceTree = "<group>"; };
		2F3BF473190028BF00D8DCDF /* New2048.xcdatamodel */ = {isa = PBXFileReference; lastKnownFileType = wrapper.xcdatamodel; path = New2048.xcdatamodel; sourceTree = "<group>"; };
		2F3BF475190028BF00D8DCDF /* Images.xcassets */ = {isa = PBXFileReference; lastKnownFileType = folder.assetcatalog; path = Images.xcassets; sourceTree = "<group>"; };
		2F3BF47B190028BF00D8DCDF /* New2048Tests.xctest */ = {isa = PBXFileReference; explicitFileType = wrapper.cfbundle; includeInIndex = 0; path = New2048Tests.xctest; sourceTree = BUILT_PRODUCTS_DIR; };
		2F3BF47C190028BF00D8DCDF /* XCTest.framework */ = {isa = PBXFileReference; lastKnownFileType = wrapper.framework; name = XCTest.framework; path = Library/Frameworks/XCTest.framework; sourceTree = DEVELOPER_DIR; };
		2F3BF485190028BF00D8DCDF /* New2048Tests-Info.plist */ = {isa = PBXFileReference; lastKnownFileType = text.plist.xml; path = "New2048Tests-Info.plist"; sourceTree = "<group>"; };
		2F3BF487190028BF00D8DCDF /* en */ = {isa = PBXFileReference; lastKnownFileType = text.plist.strings; name = en; path = en.lproj/InfoPlist.strings; sourceTree = "<group>"; };
		2F3BF489190028BF00D8DCDF /* New2048Tests.m */ = {isa = PBXFileReference; lastKnownFileType = sourcecode.c.objc; path = New2048Tests.m; sourceTree = "<group>"; };
		2F3BF4961900294100D8DCDF /* Global.cpp */ = {isa = PBXFileReference; fileEncoding = 4; lastKnownFileType = sourcecode.cpp.cpp; path = Global.cpp; sourceTree = "<group>"; };
		2F3BF4971900294100D8DCDF /* Global.h */ = {isa = PBXFileReference; fileEncoding = 4; lastKnownFileType = sourcecode.c.h; path = Global.h; sourceTree = "<group>"; };
		2F3BF4991900298A00D8DCDF /* DatabaseAccessor.h */ = {isa = PBXFileReference; fileEncoding = 4; lastKnownFileType = sourcecode.c.h; path = DatabaseAccessor.h; sourceTree = "<group>"; };
		2F3BF49A1900298A00D8DCDF /* DatabaseAccessor.m */ = {isa = PBXFileReference; fileEncoding = 4; lastKnownFileType = sourcecode.c.objc; path = DatabaseAccessor.m; sourceTree = "<group>"; };
		2F3BF49C19002A0200D8DCDF /* GameViewController.h */ = {isa = PBXFileReference; fileEncoding = 4; lastKnownFileType = sourcecode.c.h; path = GameViewController.h; sourceTree = "<group>"; };
		2F3BF49D19002A0200D8DCDF /* GameViewController.m */ = {isa = PBXFileReference; fileEncoding = 4; lastKnownFileType = sourcecode.c.objc; path = GameViewController.m; sourceTree = "<group>"; };
		2F3BF49E19002A0200D8DCDF /* GameViewController.xib */ = {isa = PBXFileReference; fileEncoding = 4; lastKnownFileType = file.xib; path = GameViewController.xib; sourceTree = "<group>"; };
		2F3BF4A119002A3700D8DCDF /* OptionViewController.h */ = {isa = PBXFileReference; fileEncoding = 4; lastKnownFileType = sourcecode.c.h; path = OptionViewController.h; sourceTree = "<group>"; };
		2F3BF4A219002A3700D8DCDF /* OptionViewController.m */ = {isa = PBXFileReference; fileEncoding = 4; lastKnownFileType = sourcecode.c.objc; path = OptionViewController.m; sourceTree = "<group>"; };
		2F3E0B481906CF2800F04011 /* game_over_title_en@2x.png */ = {isa = PBXFileReference; lastKnownFileType = image.png; path = "game_over_title_en@2x.png"; sourceTree = "<group>"; };
		2F3E0B491906CF2800F04011 /* newgame_button_en@2x.png */ = {isa = PBXFileReference; lastKnownFileType = image.png; path = "newgame_button_en@2x.png"; sourceTree = "<group>"; };
		2F3E0B4A1906CF2800F04011 /* share_button_en@2x.png */ = {isa = PBXFileReference; lastKnownFileType = image.png; path = "share_button_en@2x.png"; sourceTree = "<group>"; };
		2F3E0B4E1906D2BC00F04011 /* comment_button_en@2x.png */ = {isa = PBXFileReference; lastKnownFileType = image.png; path = "comment_button_en@2x.png"; sourceTree = "<group>"; };
		2F3E0B4F1906D2BC00F04011 /* continue_button_en@2x.png */ = {isa = PBXFileReference; lastKnownFileType = image.png; path = "continue_button_en@2x.png"; sourceTree = "<group>"; };
		2F3E0B501906D2BC00F04011 /* restart_button_en@2x.png */ = {isa = PBXFileReference; lastKnownFileType = image.png; path = "restart_button_en@2x.png"; sourceTree = "<group>"; };
		2F3E0B511906D2BC00F04011 /* setting_title_en@2x.png */ = {isa = PBXFileReference; lastKnownFileType = image.png; path = "setting_title_en@2x.png"; sourceTree = "<group>"; };
		2F4652381900D104004E3338 /* QBAnimationGroup.h */ = {isa = PBXFileReference; fileEncoding = 4; lastKnownFileType = sourcecode.c.h; path = QBAnimationGroup.h; sourceTree = "<group>"; };
		2F4652391900D104004E3338 /* QBAnimationGroup.m */ = {isa = PBXFileReference; fileEncoding = 4; lastKnownFileType = sourcecode.c.objc; path = QBAnimationGroup.m; sourceTree = "<group>"; };
		2F46523A1900D104004E3338 /* QBAnimationItem.h */ = {isa = PBXFileReference; fileEncoding = 4; lastKnownFileType = sourcecode.c.h; path = QBAnimationItem.h; sourceTree = "<group>"; };
		2F46523B1900D104004E3338 /* QBAnimationItem.m */ = {isa = PBXFileReference; fileEncoding = 4; lastKnownFileType = sourcecode.c.objc; path = QBAnimationItem.m; sourceTree = "<group>"; };
		2F46523C1900D104004E3338 /* QBAnimationSequence.h */ = {isa = PBXFileReference; fileEncoding = 4; lastKnownFileType = sourcecode.c.h; path = QBAnimationSequence.h; sourceTree = "<group>"; };
		2F46523D1900D104004E3338 /* QBAnimationSequence.m */ = {isa = PBXFileReference; fileEncoding = 4; lastKnownFileType = sourcecode.c.objc; path = QBAnimationSequence.m; sourceTree = "<group>"; };
		2FBF3C3F1903B73A00C2D579 /* GameOverViewController.h */ = {isa = PBXFileReference; fileEncoding = 4; lastKnownFileType = sourcecode.c.h; path = GameOverViewController.h; sourceTree = "<group>"; };
		2FBF3C401903B73A00C2D579 /* GameOverViewController.m */ = {isa = PBXFileReference; fileEncoding = 4; lastKnownFileType = sourcecode.c.objc; path = GameOverViewController.m; sourceTree = "<group>"; };
		2FBF3C411903B73A00C2D579 /* GameOverViewController.xib */ = {isa = PBXFileReference; fileEncoding = 4; lastKnownFileType = file.xib; path = GameOverViewController.xib; sourceTree = "<group>"; };
		2FBF3C441903B95800C2D579 /* OptionViewController.xib */ = {isa = PBXFileReference; fileEncoding = 4; lastKnownFileType = file.xib; path = OptionViewController.xib; sourceTree = "<group>"; };
		2FBF3C5C1903BBF000C2D579 /* Security.framework */ = {isa = PBXFileReference; lastKnownFileType = wrapper.framework; name = Security.framework; path = System/Library/Frameworks/Security.framework; sourceTree = SDKROOT; };
		2FBF3C5E1903BBF800C2D579 /* CoreTelephony.framework */ = {isa = PBXFileReference; lastKnownFileType = wrapper.framework; name = CoreTelephony.framework; path = System/Library/Frameworks/CoreTelephony.framework; sourceTree = SDKROOT; };
		2FBF3C601903BBFF00C2D579 /* MessageUI.framework */ = {isa = PBXFileReference; lastKnownFileType = wrapper.framework; name = MessageUI.framework; path = System/Library/Frameworks/MessageUI.framework; sourceTree = SDKROOT; };
		2FBF3C621903BC0500C2D579 /* CFNetwork.framework */ = {isa = PBXFileReference; lastKnownFileType = wrapper.framework; name = CFNetwork.framework; path = System/Library/Frameworks/CFNetwork.framework; sourceTree = SDKROOT; };
		2FBF3C641903BC0D00C2D579 /* MobileCoreServices.framework */ = {isa = PBXFileReference; lastKnownFileType = wrapper.framework; name = MobileCoreServices.framework; path = System/Library/Frameworks/MobileCoreServices.framework; sourceTree = SDKROOT; };
		2FBF3C661903BC1600C2D579 /* libz.dylib */ = {isa = PBXFileReference; lastKnownFileType = "compiled.mach-o.dylib"; name = libz.dylib; path = usr/lib/libz.dylib; sourceTree = SDKROOT; };
		2FBF3C681903BC1E00C2D579 /* CoreMedia.framework */ = {isa = PBXFileReference; lastKnownFileType = wrapper.framework; name = CoreMedia.framework; path = System/Library/Frameworks/CoreMedia.framework; sourceTree = SDKROOT; };
		2FBF3C6A1903BC2700C2D579 /* MediaPlayer.framework */ = {isa = PBXFileReference; lastKnownFileType = wrapper.framework; name = MediaPlayer.framework; path = System/Library/Frameworks/MediaPlayer.framework; sourceTree = SDKROOT; };
		2FBF3C6C1903BC2D00C2D579 /* QuartzCore.framework */ = {isa = PBXFileReference; lastKnownFileType = wrapper.framework; name = QuartzCore.framework; path = System/Library/Frameworks/QuartzCore.framework; sourceTree = SDKROOT; };
		2FBF3C6E1903BC3700C2D579 /* CoreText.framework */ = {isa = PBXFileReference; lastKnownFileType = wrapper.framework; name = CoreText.framework; path = System/Library/Frameworks/CoreText.framework; sourceTree = SDKROOT; };
		2FBF3C701903BC3D00C2D579 /* AdSupport.framework */ = {isa = PBXFileReference; lastKnownFileType = wrapper.framework; name = AdSupport.framework; path = System/Library/Frameworks/AdSupport.framework; sourceTree = SDKROOT; };
		2FBF3C721903BC4300C2D579 /* CoreLocation.framework */ = {isa = PBXFileReference; lastKnownFileType = wrapper.framework; name = CoreLocation.framework; path = System/Library/Frameworks/CoreLocation.framework; sourceTree = SDKROOT; };
		2FBF3C781903BC5B00C2D579 /* Social.framework */ = {isa = PBXFileReference; lastKnownFileType = wrapper.framework; name = Social.framework; path = System/Library/Frameworks/Social.framework; sourceTree = SDKROOT; };
		2FBF3C7A1903BC6600C2D579 /* EventKit.framework */ = {isa = PBXFileReference; lastKnownFileType = wrapper.framework; name = EventKit.framework; path = System/Library/Frameworks/EventKit.framework; sourceTree = SDKROOT; };
		2FBF3C7C1903BC6E00C2D579 /* AVFoundation.framework */ = {isa = PBXFileReference; lastKnownFileType = wrapper.framework; name = AVFoundation.framework; path = System/Library/Frameworks/AVFoundation.framework; sourceTree = SDKROOT; };
		2FBF3C801903BC8B00C2D579 /* libsqlite3.dylib */ = {isa = PBXFileReference; lastKnownFileType = "compiled.mach-o.dylib"; name = libsqlite3.dylib; path = usr/lib/libsqlite3.dylib; sourceTree = SDKROOT; };
		2FBF3C821903BCB500C2D579 /* SystemConfiguration.framework */ = {isa = PBXFileReference; lastKnownFileType = wrapper.framework; name = SystemConfiguration.framework; path = System/Library/Frameworks/SystemConfiguration.framework; sourceTree = SDKROOT; };
		2FBF3C851903BFAC00C2D579 /* DMAdView.h */ = {isa = PBXFileReference; fileEncoding = 4; lastKnownFileType = sourcecode.c.h; path = DMAdView.h; sourceTree = "<group>"; };
		2FBF3C861903BFAC00C2D579 /* DMFeedsAdView.h */ = {isa = PBXFileReference; fileEncoding = 4; lastKnownFileType = sourcecode.c.h; path = DMFeedsAdView.h; sourceTree = "<group>"; };
		2FBF3C871903BFAC00C2D579 /* DMInterstitialAdController.h */ = {isa = PBXFileReference; fileEncoding = 4; lastKnownFileType = sourcecode.c.h; path = DMInterstitialAdController.h; sourceTree = "<group>"; };
		2FBF3C881903BFAC00C2D579 /* DMRTSplashAdController.h */ = {isa = PBXFileReference; fileEncoding = 4; lastKnownFileType = sourcecode.c.h; path = DMRTSplashAdController.h; sourceTree = "<group>"; };
		2FBF3C891903BFAC00C2D579 /* DMSplashAdController.h */ = {isa = PBXFileReference; fileEncoding = 4; lastKnownFileType = sourcecode.c.h; path = DMSplashAdController.h; sourceTree = "<group>"; };
		2FBF3C8A1903BFAC00C2D579 /* DMTools.h */ = {isa = PBXFileReference; fileEncoding = 4; lastKnownFileType = sourcecode.c.h; path = DMTools.h; sourceTree = "<group>"; };
		2FBF3C8C1903BFAC00C2D579 /* DomobAdSDKBundle.bundle */ = {isa = PBXFileReference; lastKnownFileType = "wrapper.plug-in"; path = DomobAdSDKBundle.bundle; sourceTree = "<group>"; };
		2FBF3C8D1903BFAC00C2D579 /* libDomobAdSDK.a */ = {isa = PBXFileReference; lastKnownFileType = archive.ar; path = libDomobAdSDK.a; sourceTree = "<group>"; };
		2FBF3C941903C48900C2D579 /* board_background_old@2x.png */ = {isa = PBXFileReference; lastKnownFileType = image.png; path = "board_background_old@2x.png"; sourceTree = "<group>"; };
		2FBF3C951903C48900C2D579 /* chess_2@2x.png */ = {isa = PBXFileReference; lastKnownFileType = image.png; path = "chess_2@2x.png"; sourceTree = "<group>"; };
		2FBF3C961903C48900C2D579 /* chess_4@2x.png */ = {isa = PBXFileReference; lastKnownFileType = image.png; path = "chess_4@2x.png"; sourceTree = "<group>"; };
		2FBF3C971903C48900C2D579 /* chess_8@2x.png */ = {isa = PBXFileReference; lastKnownFileType = image.png; path = "chess_8@2x.png"; sourceTree = "<group>"; };
		2FBF3C981903C48900C2D579 /* chess_16@2x.png */ = {isa = PBXFileReference; lastKnownFileType = image.png; path = "chess_16@2x.png"; sourceTree = "<group>"; };
		2FBF3C991903C48900C2D579 /* chess_32@2x.png */ = {isa = PBXFileReference; lastKnownFileType = image.png; path = "chess_32@2x.png"; sourceTree = "<group>"; };
		2FBF3C9A1903C48900C2D579 /* chess_64@2x.png */ = {isa = PBXFileReference; lastKnownFileType = image.png; path = "chess_64@2x.png"; sourceTree = "<group>"; };
		2FBF3C9B1903C48900C2D579 /* chess_128@2x.png */ = {isa = PBXFileReference; lastKnownFileType = image.png; path = "chess_128@2x.png"; sourceTree = "<group>"; };
		2FBF3C9C1903C48900C2D579 /* chess_256@2x.png */ = {isa = PBXFileReference; lastKnownFileType = image.png; path = "chess_256@2x.png"; sourceTree = "<group>"; };
		2FBF3C9D1903C48900C2D579 /* chess_1024@2x.png */ = {isa = PBXFileReference; lastKnownFileType = image.png; path = "chess_1024@2x.png"; sourceTree = "<group>"; };
		2FBF3C9E1903C48900C2D579 /* chess_2048@2x.png */ = {isa = PBXFileReference; lastKnownFileType = image.png; path = "chess_2048@2x.png"; sourceTree = "<group>"; };
		2FBF3C9F1903C48900C2D579 /* chess_background@2x.png */ = {isa = PBXFileReference; lastKnownFileType = image.png; path = "chess_background@2x.png"; sourceTree = "<group>"; };
		2FBF3CA01903C48900C2D579 /* setting_icon@2x.png */ = {isa = PBXFileReference; lastKnownFileType = image.png; path = "setting_icon@2x.png"; sourceTree = "<group>"; };
		2FBF3CA11903C48900C2D579 /* toolbar_background@2x.png */ = {isa = PBXFileReference; lastKnownFileType = image.png; path = "toolbar_background@2x.png"; sourceTree = "<group>"; };
		2FBF3CB01903CFD100C2D579 /* GameState.h */ = {isa = PBXFileReference; fileEncoding = 4; lastKnownFileType = sourcecode.c.h; name = GameState.h; path = New2048/GameState.h; sourceTree = "<group>"; };
		2FBF3CB11903CFD100C2D579 /* GameState.m */ = {isa = PBXFileReference; fileEncoding = 4; lastKnownFileType = sourcecode.c.objc; name = GameState.m; path = New2048/GameState.m; sourceTree = "<group>"; };
		2FDFDB211902C25700EA07B8 /* en */ = {isa = PBXFileReference; lastKnownFileType = text.plist.strings; name = en; path = en.lproj/UMSocialLocalizable.strings; sourceTree = "<group>"; };
		2FDFDB231902C25700EA07B8 /* UMSocial.h */ = {isa = PBXFileReference; fileEncoding = 4; lastKnownFileType = sourcecode.c.h; path = UMSocial.h; sourceTree = "<group>"; };
		2FDFDB241902C25700EA07B8 /* UMSocialAccountManager.h */ = {isa = PBXFileReference; fileEncoding = 4; lastKnownFileType = sourcecode.c.h; path = UMSocialAccountManager.h; sourceTree = "<group>"; };
		2FDFDB251902C25700EA07B8 /* UMSocialBar.h */ = {isa = PBXFileReference; fileEncoding = 4; lastKnownFileType = sourcecode.c.h; path = UMSocialBar.h; sourceTree = "<group>"; };
		2FDFDB261902C25700EA07B8 /* UMSocialConfig.h */ = {isa = PBXFileReference; fileEncoding = 4; lastKnownFileType = sourcecode.c.h; path = UMSocialConfig.h; sourceTree = "<group>"; };
		2FDFDB271902C25700EA07B8 /* UMSocialControllerService.h */ = {isa = PBXFileReference; fileEncoding = 4; lastKnownFileType = sourcecode.c.h; path = UMSocialControllerService.h; sourceTree = "<group>"; };
		2FDFDB281902C25700EA07B8 /* UMSocialControllerServiceComment.h */ = {isa = PBXFileReference; fileEncoding = 4; lastKnownFileType = sourcecode.c.h; path = UMSocialControllerServiceComment.h; sourceTree = "<group>"; };
		2FDFDB291902C25700EA07B8 /* UMSocialData.h */ = {isa = PBXFileReference; fileEncoding = 4; lastKnownFileType = sourcecode.c.h; path = UMSocialData.h; sourceTree = "<group>"; };
		2FDFDB2A1902C25700EA07B8 /* UMSocialDataService.h */ = {isa = PBXFileReference; fileEncoding = 4; lastKnownFileType = sourcecode.c.h; path = UMSocialDataService.h; sourceTree = "<group>"; };
		2FDFDB2B1902C25700EA07B8 /* UMSocialSnsData.h */ = {isa = PBXFileReference; fileEncoding = 4; lastKnownFileType = sourcecode.c.h; path = UMSocialSnsData.h; sourceTree = "<group>"; };
		2FDFDB2C1902C25700EA07B8 /* UMSocialSnsPlatformManager.h */ = {isa = PBXFileReference; fileEncoding = 4; lastKnownFileType = sourcecode.c.h; path = UMSocialSnsPlatformManager.h; sourceTree = "<group>"; };
		2FDFDB2D1902C25700EA07B8 /* UMSocialSnsService.h */ = {isa = PBXFileReference; fileEncoding = 4; lastKnownFileType = sourcecode.c.h; path = UMSocialSnsService.h; sourceTree = "<group>"; };
		2FDFDB2E1902C25700EA07B8 /* libUMSocial_Sdk_3.3.7.a */ = {isa = PBXFileReference; lastKnownFileType = archive.ar; path = libUMSocial_Sdk_3.3.7.a; sourceTree = "<group>"; };
		2FDFDB301902C25700EA07B8 /* UMSCommentDetailController.xib */ = {isa = PBXFileReference; fileEncoding = 4; lastKnownFileType = file.xib; path = UMSCommentDetailController.xib; sourceTree = "<group>"; };
		2FDFDB311902C25700EA07B8 /* UMSCommentInputController.xib */ = {isa = PBXFileReference; fileEncoding = 4; lastKnownFileType = file.xib; path = UMSCommentInputController.xib; sourceTree = "<group>"; };
		2FDFDB321902C25700EA07B8 /* UMSCommentInputControlleriPad.xib */ = {isa = PBXFileReference; fileEncoding = 4; lastKnownFileType = file.xib; path = UMSCommentInputControlleriPad.xib; sourceTree = "<group>"; };
		2FDFDB331902C25700EA07B8 /* UMShareEditViewController.xib */ = {isa = PBXFileReference; fileEncoding = 4; lastKnownFileType = file.xib; path = UMShareEditViewController.xib; sourceTree = "<group>"; };
		2FDFDB341902C25700EA07B8 /* UMShareEditViewControlleriPad.xib */ = {isa = PBXFileReference; fileEncoding = 4; lastKnownFileType = file.xib; path = UMShareEditViewControlleriPad.xib; sourceTree = "<group>"; };
		2FDFDB351902C25700EA07B8 /* UMSLoginViewController.xib */ = {isa = PBXFileReference; fileEncoding = 4; lastKnownFileType = file.xib; path = UMSLoginViewController.xib; sourceTree = "<group>"; };
		2FDFDB361902C25700EA07B8 /* UMSnsAccountViewController.xib */ = {isa = PBXFileReference; fileEncoding = 4; lastKnownFileType = file.xib; path = UMSnsAccountViewController.xib; sourceTree = "<group>"; };
		2FDFDB371902C25700EA07B8 /* UMSShareListController.xib */ = {isa = PBXFileReference; fileEncoding = 4; lastKnownFileType = file.xib; path = UMSShareListController.xib; sourceTree = "<group>"; };
		2FDFDB381902C25700EA07B8 /* UMSocialSDKResourcesNew.bundle */ = {isa = PBXFileReference; lastKnownFileType = "wrapper.plug-in"; path = UMSocialSDKResourcesNew.bundle; sourceTree = "<group>"; };
		2FDFDB391902C25700EA07B8 /* zh-Hans */ = {isa = PBXFileReference; lastKnownFileType = text.plist.strings; name = "zh-Hans"; path = "zh-Hans.lproj/UMSocialLocalizable.strings"; sourceTree = "<group>"; };
		2FEC42FF1904E2EB0073E4E5 /* sound_1.wav */ = {isa = PBXFileReference; lastKnownFileType = audio.wav; path = sound_1.wav; sourceTree = "<group>"; };
		2FEC43011904E3870073E4E5 /* sound_2.wav */ = {isa = PBXFileReference; lastKnownFileType = audio.wav; path = sound_2.wav; sourceTree = "<group>"; };
		CEB75C95190626FB00D9B7F9 /* chess_512@2x.png */ = {isa = PBXFileReference; lastKnownFileType = image.png; path = "chess_512@2x.png"; sourceTree = "<group>"; };
/* End PBXFileReference section */

/* Begin PBXFrameworksBuildPhase section */
		2F3BF458190028BE00D8DCDF /* Frameworks */ = {
			isa = PBXFrameworksBuildPhase;
			buildActionMask = 2147483647;
			files = (
				2FBF3C671903BC1600C2D579 /* libz.dylib in Frameworks */,
				2F05FF1B1904C15700777903 /* libstdc++.dylib in Frameworks */,
				2FBF3C5F1903BBF800C2D579 /* CoreTelephony.framework in Frameworks */,
				2FBF3C811903BC8B00C2D579 /* libsqlite3.dylib in Frameworks */,
				2F3BF461190028BE00D8DCDF /* CoreGraphics.framework in Frameworks */,
				2FBF3C831903BCB500C2D579 /* SystemConfiguration.framework in Frameworks */,
				2F05FF191904C11900777903 /* libiconv.dylib in Frameworks */,
				2FBF3C5D1903BBF000C2D579 /* Security.framework in Frameworks */,
				187CDD4D1905687100E51221 /* PassKit.framework in Frameworks */,
				2FBF3C8F1903BFAC00C2D579 /* libDomobAdSDK.a in Frameworks */,
				2F3BF463190028BF00D8DCDF /* UIKit.framework in Frameworks */,
				2F3BF45F190028BE00D8DCDF /* Foundation.framework in Frameworks */,
				2FBF3C7D1903BC6E00C2D579 /* AVFoundation.framework in Frameworks */,
				2FBF3C7B1903BC6600C2D579 /* EventKit.framework in Frameworks */,
				2FBF3C791903BC5B00C2D579 /* Social.framework in Frameworks */,
				18750C1A1907DA790066D41E /* StoreKit.framework in Frameworks */,
				2FBF3C731903BC4300C2D579 /* CoreLocation.framework in Frameworks */,
				2FBF3C711903BC3D00C2D579 /* AdSupport.framework in Frameworks */,
				2FBF3C6F1903BC3700C2D579 /* CoreText.framework in Frameworks */,
				2FBF3C6D1903BC2D00C2D579 /* QuartzCore.framework in Frameworks */,
				2FBF3C6B1903BC2700C2D579 /* MediaPlayer.framework in Frameworks */,
				2FBF3C691903BC1E00C2D579 /* CoreMedia.framework in Frameworks */,
				2FBF3C651903BC0D00C2D579 /* MobileCoreServices.framework in Frameworks */,
				2FBF3C631903BC0500C2D579 /* CFNetwork.framework in Frameworks */,
				18750C161907DA690066D41E /* AudioToolbox.framework in Frameworks */,
				2FBF3C611903BBFF00C2D579 /* MessageUI.framework in Frameworks */,
				2FDFDB3B1902C25700EA07B8 /* libUMSocial_Sdk_3.3.7.a in Frameworks */,
				2F3BF465190028BF00D8DCDF /* CoreData.framework in Frameworks */,
			);
			runOnlyForDeploymentPostprocessing = 0;
		};
		2F3BF478190028BF00D8DCDF /* Frameworks */ = {
			isa = PBXFrameworksBuildPhase;
			buildActionMask = 2147483647;
			files = (
				2F3BF47D190028BF00D8DCDF /* XCTest.framework in Frameworks */,
				2F3BF480190028BF00D8DCDF /* CoreData.framework in Frameworks */,
				2F3BF47F190028BF00D8DCDF /* UIKit.framework in Frameworks */,
				2F3BF47E190028BF00D8DCDF /* Foundation.framework in Frameworks */,
			);
			runOnlyForDeploymentPostprocessing = 0;
		};
/* End PBXFrameworksBuildPhase section */

/* Begin PBXGroup section */
		2F05FF221904DC0C00777903 /* Sound */ = {
			isa = PBXGroup;
			children = (
				2FEC43011904E3870073E4E5 /* sound_2.wav */,
				2FEC42FF1904E2EB0073E4E5 /* sound_1.wav */,
			);
			path = Sound;
			sourceTree = "<group>";
		};
		2F3BF452190028BE00D8DCDF = {
			isa = PBXGroup;
			children = (
				2FBF3CB01903CFD100C2D579 /* GameState.h */,
				2FBF3CB11903CFD100C2D579 /* GameState.m */,
				2F3BF466190028BF00D8DCDF /* New2048 */,
				2F3BF483190028BF00D8DCDF /* New2048Tests */,
				2F3BF45D190028BE00D8DCDF /* Frameworks */,
				2F3BF45C190028BE00D8DCDF /* Products */,
			);
			sourceTree = "<group>";
		};
		2F3BF45C190028BE00D8DCDF /* Products */ = {
			isa = PBXGroup;
			children = (
				2F3BF45B190028BE00D8DCDF /* New2048.app */,
				2F3BF47B190028BF00D8DCDF /* New2048Tests.xctest */,
			);
			name = Products;
			sourceTree = "<group>";
		};
		2F3BF45D190028BE00D8DCDF /* Frameworks */ = {
			isa = PBXGroup;
			children = (
				18750C191907DA790066D41E /* StoreKit.framework */,
				18750C151907DA690066D41E /* AudioToolbox.framework */,
				187CDD4C1905687100E51221 /* PassKit.framework */,
				2F05FF1A1904C15700777903 /* libstdc++.dylib */,
				2F05FF181904C11900777903 /* libiconv.dylib */,
				2FBF3C821903BCB500C2D579 /* SystemConfiguration.framework */,
				2FBF3C801903BC8B00C2D579 /* libsqlite3.dylib */,
				2FBF3C7C1903BC6E00C2D579 /* AVFoundation.framework */,
				2FBF3C7A1903BC6600C2D579 /* EventKit.framework */,
				2FBF3C781903BC5B00C2D579 /* Social.framework */,
				2FBF3C721903BC4300C2D579 /* CoreLocation.framework */,
				2FBF3C701903BC3D00C2D579 /* AdSupport.framework */,
				2FBF3C6E1903BC3700C2D579 /* CoreText.framework */,
				2FBF3C6C1903BC2D00C2D579 /* QuartzCore.framework */,
				2FBF3C6A1903BC2700C2D579 /* MediaPlayer.framework */,
				2FBF3C681903BC1E00C2D579 /* CoreMedia.framework */,
				2FBF3C661903BC1600C2D579 /* libz.dylib */,
				2FBF3C641903BC0D00C2D579 /* MobileCoreServices.framework */,
				2FBF3C621903BC0500C2D579 /* CFNetwork.framework */,
				2FBF3C601903BBFF00C2D579 /* MessageUI.framework */,
				2FBF3C5E1903BBF800C2D579 /* CoreTelephony.framework */,
				2FBF3C5C1903BBF000C2D579 /* Security.framework */,
				2F3BF45E190028BE00D8DCDF /* Foundation.framework */,
				2F3BF460190028BE00D8DCDF /* CoreGraphics.framework */,
				2F3BF462190028BF00D8DCDF /* UIKit.framework */,
				2F3BF464190028BF00D8DCDF /* CoreData.framework */,
				2F3BF47C190028BF00D8DCDF /* XCTest.framework */,
			);
			name = Frameworks;
			sourceTree = "<group>";
		};
		2F3BF466190028BF00D8DCDF /* New2048 */ = {
			isa = PBXGroup;
			children = (
				187CDD491905683300E51221 /* New2048.entitlements */,
				2F05FF221904DC0C00777903 /* Sound */,
				2FBF3C901903C34400C2D579 /* UI */,
				2FBF3C841903BFAC00C2D579 /* DomobAdSDK */,
				2FBF3C3F1903B73A00C2D579 /* GameOverViewController.h */,
				2FBF3C401903B73A00C2D579 /* GameOverViewController.m */,
				2FBF3C411903B73A00C2D579 /* GameOverViewController.xib */,
				2FDFDB1E1902C21400EA07B8 /* SocialShare */,
				2F4652371900D104004E3338 /* QBAnimationSequence */,
				2F3BF493190028D800D8DCDF /* Utilies */,
				2F3BF46F190028BF00D8DCDF /* New2048AppDelegate.h */,
				2F3BF470190028BF00D8DCDF /* New2048AppDelegate.m */,
				2F3BF475190028BF00D8DCDF /* Images.xcassets */,
				2F3BF472190028BF00D8DCDF /* New2048.xcdatamodeld */,
				2F3BF467190028BF00D8DCDF /* Supporting Files */,
				2F3BF4961900294100D8DCDF /* Global.cpp */,
				2F3BF4971900294100D8DCDF /* Global.h */,
				2F3BF49C19002A0200D8DCDF /* GameViewController.h */,
				2F3BF49D19002A0200D8DCDF /* GameViewController.m */,
				2F3BF49E19002A0200D8DCDF /* GameViewController.xib */,
				2F3BF4A119002A3700D8DCDF /* OptionViewController.h */,
				2F3BF4A219002A3700D8DCDF /* OptionViewController.m */,
				2FBF3C441903B95800C2D579 /* OptionViewController.xib */,
			);
			path = New2048;
			sourceTree = "<group>";
		};
		2F3BF467190028BF00D8DCDF /* Supporting Files */ = {
			isa = PBXGroup;
			children = (
				2F3BF468190028BF00D8DCDF /* New2048-Info.plist */,
				2F3BF469190028BF00D8DCDF /* InfoPlist.strings */,
				2F3BF46C190028BF00D8DCDF /* main.m */,
				2F3BF46E190028BF00D8DCDF /* New2048-Prefix.pch */,
				187CDD46190545B100E51221 /* Localizable.strings */,
			);
			name = "Supporting Files";
			sourceTree = "<group>";
		};
		2F3BF483190028BF00D8DCDF /* New2048Tests */ = {
			isa = PBXGroup;
			children = (
				2F3BF489190028BF00D8DCDF /* New2048Tests.m */,
				2F3BF484190028BF00D8DCDF /* Supporting Files */,
			);
			path = New2048Tests;
			sourceTree = "<group>";
		};
		2F3BF484190028BF00D8DCDF /* Supporting Files */ = {
			isa = PBXGroup;
			children = (
				2F3BF485190028BF00D8DCDF /* New2048Tests-Info.plist */,
				2F3BF486190028BF00D8DCDF /* InfoPlist.strings */,
			);
			name = "Supporting Files";
			sourceTree = "<group>";
		};
		2F3BF493190028D800D8DCDF /* Utilies */ = {
			isa = PBXGroup;
			children = (
				2F3BF4991900298A00D8DCDF /* DatabaseAccessor.h */,
				2F3BF49A1900298A00D8DCDF /* DatabaseAccessor.m */,
				2F05FF1F1904CDAF00777903 /* Utilies.h */,
				2F05FF201904CDAF00777903 /* Utilies.m */,
			);
			path = Utilies;
			sourceTree = "<group>";
		};
		2F4652371900D104004E3338 /* QBAnimationSequence */ = {
			isa = PBXGroup;
			children = (
				2F4652381900D104004E3338 /* QBAnimationGroup.h */,
				2F4652391900D104004E3338 /* QBAnimationGroup.m */,
				2F46523A1900D104004E3338 /* QBAnimationItem.h */,
				2F46523B1900D104004E3338 /* QBAnimationItem.m */,
				2F46523C1900D104004E3338 /* QBAnimationSequence.h */,
				2F46523D1900D104004E3338 /* QBAnimationSequence.m */,
			);
			path = QBAnimationSequence;
			sourceTree = "<group>";
		};
		2FBF3C841903BFAC00C2D579 /* DomobAdSDK */ = {
			isa = PBXGroup;
			children = (
				2FBF3C851903BFAC00C2D579 /* DMAdView.h */,
				2FBF3C861903BFAC00C2D579 /* DMFeedsAdView.h */,
				2FBF3C871903BFAC00C2D579 /* DMInterstitialAdController.h */,
				2FBF3C881903BFAC00C2D579 /* DMRTSplashAdController.h */,
				2FBF3C891903BFAC00C2D579 /* DMSplashAdController.h */,
				2FBF3C8A1903BFAC00C2D579 /* DMTools.h */,
				2FBF3C8B1903BFAC00C2D579 /* DomobAdSDKBundle */,
				2FBF3C8D1903BFAC00C2D579 /* libDomobAdSDK.a */,
			);
			name = DomobAdSDK;
			path = "domob_ios_sdk-4.2.3/DomobAdSDK";
			sourceTree = "<group>";
		};
		2FBF3C8B1903BFAC00C2D579 /* DomobAdSDKBundle */ = {
			isa = PBXGroup;
			children = (
				2FBF3C8C1903BFAC00C2D579 /* DomobAdSDKBundle.bundle */,
			);
			path = DomobAdSDKBundle;
			sourceTree = "<group>";
		};
		2FBF3C901903C34400C2D579 /* UI */ = {
			isa = PBXGroup;
			children = (
				2FBF3C911903C34500C2D579 /* ImagesInGameOverViewController */,
				2FBF3C921903C34500C2D579 /* ImagesInGameViewController */,
				2FBF3C931903C34500C2D579 /* ImagesInOptionViewController */,
			);
			path = UI;
			sourceTree = "<group>";
		};
		2FBF3C911903C34500C2D579 /* ImagesInGameOverViewController */ = {
			isa = PBXGroup;
			children = (
				2F3E0B481906CF2800F04011 /* game_over_title_en@2x.png */,
				2F3E0B491906CF2800F04011 /* newgame_button_en@2x.png */,
				2F3E0B4A1906CF2800F04011 /* share_button_en@2x.png */,
				2F1D08661903F4CD008B9899 /* achievement_frame@2x.png */,
				2F1D08671903F4CD008B9899 /* game_over_title@2x.png */,
				2F1D08681903F4CD008B9899 /* newgame_button@2x.png */,
				2F1D08691903F4CD008B9899 /* share_button@2x.png */,
			);
			path = ImagesInGameOverViewController;
			sourceTree = "<group>";
		};
		2FBF3C921903C34500C2D579 /* ImagesInGameViewController */ = {
			isa = PBXGroup;
			children = (
				2F21A9511907F8F80095C3B2 /* toptitle_label@2x.png */,
				2F1D086E19040461008B9899 /* bra_A@2x.png */,
				2F1D086F19040461008B9899 /* bra_B@2x.png */,
				2F1D087019040461008B9899 /* bra_C@2x.png */,
				2F1D087119040461008B9899 /* bra_D@2x.png */,
				2F1D087219040461008B9899 /* bra_E@2x.png */,
				2F1D087319040461008B9899 /* bra_F@2x.png */,
				2F1D087419040461008B9899 /* bra_G@2x.png */,
				2F1D087519040461008B9899 /* bra_H@2x.png */,
				2F1D087619040461008B9899 /* bra_I@2x.png */,
				CEB75C95190626FB00D9B7F9 /* chess_512@2x.png */,
				2F1D087719040461008B9899 /* bra_J@2x.png */,
				2F1D087819040461008B9899 /* bra_K@2x.png */,
				2F1D085C1903EC97008B9899 /* board_background@2x.png */,
				2FBF3C941903C48900C2D579 /* board_background_old@2x.png */,
				2FBF3C951903C48900C2D579 /* chess_2@2x.png */,
				2FBF3C961903C48900C2D579 /* chess_4@2x.png */,
				2FBF3C971903C48900C2D579 /* chess_8@2x.png */,
				2FBF3C981903C48900C2D579 /* chess_16@2x.png */,
				2FBF3C991903C48900C2D579 /* chess_32@2x.png */,
				2FBF3C9A1903C48900C2D579 /* chess_64@2x.png */,
				2FBF3C9B1903C48900C2D579 /* chess_128@2x.png */,
				2FBF3C9C1903C48900C2D579 /* chess_256@2x.png */,
				2FBF3C9D1903C48900C2D579 /* chess_1024@2x.png */,
				2FBF3C9E1903C48900C2D579 /* chess_2048@2x.png */,
				2FBF3C9F1903C48900C2D579 /* chess_background@2x.png */,
				2FBF3CA01903C48900C2D579 /* setting_icon@2x.png */,
				2FBF3CA11903C48900C2D579 /* toolbar_background@2x.png */,
			);
			path = ImagesInGameViewController;
			sourceTree = "<group>";
		};
		2FBF3C931903C34500C2D579 /* ImagesInOptionViewController */ = {
			isa = PBXGroup;
			children = (
				2F3E0B4E1906D2BC00F04011 /* comment_button_en@2x.png */,
				2F3E0B4F1906D2BC00F04011 /* continue_button_en@2x.png */,
				2F3E0B501906D2BC00F04011 /* restart_button_en@2x.png */,
				2F3E0B511906D2BC00F04011 /* setting_title_en@2x.png */,
				2F1D085E1903EFA7008B9899 /* comment_button@2x.png */,
				2F1D085F1903EFA7008B9899 /* continue_button@2x.png */,
				2F1D08601903EFA7008B9899 /* restart_button@2x.png */,
				2F1D08611903EFA7008B9899 /* setting_title@2x.png */,
			);
			path = ImagesInOptionViewController;
			sourceTree = "<group>";
		};
		2FDFDB1E1902C21400EA07B8 /* SocialShare */ = {
			isa = PBXGroup;
			children = (
				2FDFDB1F1902C25700EA07B8 /* UMSocial_Sdk_3.3.7 */,
			);
			path = SocialShare;
			sourceTree = "<group>";
		};
		2FDFDB1F1902C25700EA07B8 /* UMSocial_Sdk_3.3.7 */ = {
			isa = PBXGroup;
			children = (
				2FDFDB201902C25700EA07B8 /* UMSocialLocalizable.strings */,
				2FDFDB221902C25700EA07B8 /* Header */,
				2FDFDB2E1902C25700EA07B8 /* libUMSocial_Sdk_3.3.7.a */,
				2FDFDB2F1902C25700EA07B8 /* SocialSDKXib */,
				2FDFDB381902C25700EA07B8 /* UMSocialSDKResourcesNew.bundle */,
			);
			path = UMSocial_Sdk_3.3.7;
			sourceTree = "<group>";
		};
		2FDFDB221902C25700EA07B8 /* Header */ = {
			isa = PBXGroup;
			children = (
				2FDFDB231902C25700EA07B8 /* UMSocial.h */,
				2FDFDB241902C25700EA07B8 /* UMSocialAccountManager.h */,
				2FDFDB251902C25700EA07B8 /* UMSocialBar.h */,
				2FDFDB261902C25700EA07B8 /* UMSocialConfig.h */,
				2FDFDB271902C25700EA07B8 /* UMSocialControllerService.h */,
				2FDFDB281902C25700EA07B8 /* UMSocialControllerServiceComment.h */,
				2FDFDB291902C25700EA07B8 /* UMSocialData.h */,
				2FDFDB2A1902C25700EA07B8 /* UMSocialDataService.h */,
				2FDFDB2B1902C25700EA07B8 /* UMSocialSnsData.h */,
				2FDFDB2C1902C25700EA07B8 /* UMSocialSnsPlatformManager.h */,
				2FDFDB2D1902C25700EA07B8 /* UMSocialSnsService.h */,
			);
			path = Header;
			sourceTree = "<group>";
		};
		2FDFDB2F1902C25700EA07B8 /* SocialSDKXib */ = {
			isa = PBXGroup;
			children = (
				2FDFDB301902C25700EA07B8 /* UMSCommentDetailController.xib */,
				2FDFDB311902C25700EA07B8 /* UMSCommentInputController.xib */,
				2FDFDB321902C25700EA07B8 /* UMSCommentInputControlleriPad.xib */,
				2FDFDB331902C25700EA07B8 /* UMShareEditViewController.xib */,
				2FDFDB341902C25700EA07B8 /* UMShareEditViewControlleriPad.xib */,
				2FDFDB351902C25700EA07B8 /* UMSLoginViewController.xib */,
				2FDFDB361902C25700EA07B8 /* UMSnsAccountViewController.xib */,
				2FDFDB371902C25700EA07B8 /* UMSShareListController.xib */,
			);
			path = SocialSDKXib;
			sourceTree = "<group>";
		};
/* End PBXGroup section */

/* Begin PBXNativeTarget section */
		2F3BF45A190028BE00D8DCDF /* New2048 */ = {
			isa = PBXNativeTarget;
			buildConfigurationList = 2F3BF48D190028BF00D8DCDF /* Build configuration list for PBXNativeTarget "New2048" */;
			buildPhases = (
				2F3BF457190028BE00D8DCDF /* Sources */,
				2F3BF458190028BE00D8DCDF /* Frameworks */,
				2F3BF459190028BE00D8DCDF /* Resources */,
			);
			buildRules = (
			);
			dependencies = (
			);
			name = New2048;
			productName = New2048;
			productReference = 2F3BF45B190028BE00D8DCDF /* New2048.app */;
			productType = "com.apple.product-type.application";
		};
		2F3BF47A190028BF00D8DCDF /* New2048Tests */ = {
			isa = PBXNativeTarget;
			buildConfigurationList = 2F3BF490190028BF00D8DCDF /* Build configuration list for PBXNativeTarget "New2048Tests" */;
			buildPhases = (
				2F3BF477190028BF00D8DCDF /* Sources */,
				2F3BF478190028BF00D8DCDF /* Frameworks */,
				2F3BF479190028BF00D8DCDF /* Resources */,
			);
			buildRules = (
			);
			dependencies = (
				2F3BF482190028BF00D8DCDF /* PBXTargetDependency */,
			);
			name = New2048Tests;
			productName = New2048Tests;
			productReference = 2F3BF47B190028BF00D8DCDF /* New2048Tests.xctest */;
			productType = "com.apple.product-type.bundle.unit-test";
		};
/* End PBXNativeTarget section */

/* Begin PBXProject section */
		2F3BF453190028BE00D8DCDF /* Project object */ = {
			isa = PBXProject;
			attributes = {
				CLASSPREFIX = New2048;
				LastUpgradeCheck = 0510;
				ORGANIZATIONNAME = "Chen Xiangwen";
				TargetAttributes = {
					2F3BF45A190028BE00D8DCDF = {
						DevelopmentTeam = 87N4K2M736;
						SystemCapabilities = {
							com.apple.InAppPurchase = {
								enabled = 1;
							};
							com.apple.InterAppAudio = {
								enabled = 1;
							};
							com.apple.Passbook = {
								enabled = 1;
							};
							com.apple.iOS = {
								enabled = 0;
							};
						};
					};
					2F3BF47A190028BF00D8DCDF = {
						TestTargetID = 2F3BF45A190028BE00D8DCDF;
					};
				};
			};
			buildConfigurationList = 2F3BF456190028BE00D8DCDF /* Build configuration list for PBXProject "New2048" */;
			compatibilityVersion = "Xcode 3.2";
			developmentRegion = English;
			hasScannedForEncodings = 0;
			knownRegions = (
				en,
				"zh-Hans",
			);
			mainGroup = 2F3BF452190028BE00D8DCDF;
			productRefGroup = 2F3BF45C190028BE00D8DCDF /* Products */;
			projectDirPath = "";
			projectRoot = "";
			targets = (
				2F3BF45A190028BE00D8DCDF /* New2048 */,
				2F3BF47A190028BF00D8DCDF /* New2048Tests */,
			);
		};
/* End PBXProject section */

/* Begin PBXResourcesBuildPhase section */
		2F3BF459190028BE00D8DCDF /* Resources */ = {
			isa = PBXResourcesBuildPhase;
			buildActionMask = 2147483647;
			files = (
				2F1D08651903EFA7008B9899 /* setting_title@2x.png in Resources */,
				2F1D08621903EFA7008B9899 /* comment_button@2x.png in Resources */,
				2FBF3CAF1903C48900C2D579 /* toolbar_background@2x.png in Resources */,
				2FBF3C431903B73A00C2D579 /* GameOverViewController.xib in Resources */,
				2F1D086A1903F4CD008B9899 /* achievement_frame@2x.png in Resources */,
				2FBF3C8E1903BFAC00C2D579 /* DomobAdSDKBundle.bundle in Resources */,
				2F3E0B4C1906CF2800F04011 /* newgame_button_en@2x.png in Resources */,
				2F1D087919040461008B9899 /* bra_A@2x.png in Resources */,
				2F3E0B4B1906CF2800F04011 /* game_over_title_en@2x.png in Resources */,
				2FBF3CA31903C48900C2D579 /* chess_2@2x.png in Resources */,
				2F21A9521907F8F80095C3B2 /* toptitle_label@2x.png in Resources */,
				2F1D088319040461008B9899 /* bra_K@2x.png in Resources */,
				2FDFDB401902C25700EA07B8 /* UMShareEditViewControlleriPad.xib in Resources */,
				2F1D088019040461008B9899 /* bra_H@2x.png in Resources */,
				2FBF3CA51903C48900C2D579 /* chess_8@2x.png in Resources */,
				2FBF3CA91903C48900C2D579 /* chess_128@2x.png in Resources */,
				CEB75C96190626FB00D9B7F9 /* chess_512@2x.png in Resources */,
				2F1D08631903EFA7008B9899 /* continue_button@2x.png in Resources */,
				2FBF3CA61903C48900C2D579 /* chess_16@2x.png in Resources */,
				2F3E0B551906D2BC00F04011 /* setting_title_en@2x.png in Resources */,
				2F1D085D1903EC97008B9899 /* board_background@2x.png in Resources */,
				2FDFDB421902C25700EA07B8 /* UMSnsAccountViewController.xib in Resources */,
				2F3E0B4D1906CF2800F04011 /* share_button_en@2x.png in Resources */,
				187CDD44190545B100E51221 /* Localizable.strings in Resources */,
				2FBF3CAC1903C48900C2D579 /* chess_2048@2x.png in Resources */,
				2F3E0B541906D2BC00F04011 /* restart_button_en@2x.png in Resources */,
				2FBF3CAD1903C48900C2D579 /* chess_background@2x.png in Resources */,
				2FBF3CA81903C48900C2D579 /* chess_64@2x.png in Resources */,
				2F1D086C1903F4CD008B9899 /* newgame_button@2x.png in Resources */,
				2FEC43021904E3870073E4E5 /* sound_2.wav in Resources */,
				2FDFDB3D1902C25700EA07B8 /* UMSCommentInputController.xib in Resources */,
				2F1D087C19040461008B9899 /* bra_D@2x.png in Resources */,
				2F1D088119040461008B9899 /* bra_I@2x.png in Resources */,
				2F1D087B19040461008B9899 /* bra_C@2x.png in Resources */,
				2F1D087D19040461008B9899 /* bra_E@2x.png in Resources */,
				2FBF3C451903B95800C2D579 /* OptionViewController.xib in Resources */,
				2F3E0B531906D2BC00F04011 /* continue_button_en@2x.png in Resources */,
				2FDFDB3C1902C25700EA07B8 /* UMSCommentDetailController.xib in Resources */,
				2F3BF46B190028BF00D8DCDF /* InfoPlist.strings in Resources */,
				2FDFDB441902C25700EA07B8 /* UMSocialSDKResourcesNew.bundle in Resources */,
				2FBF3CA21903C48900C2D579 /* board_background_old@2x.png in Resources */,
				2FDFDB3E1902C25700EA07B8 /* UMSCommentInputControlleriPad.xib in Resources */,
				2FDFDB3F1902C25700EA07B8 /* UMShareEditViewController.xib in Resources */,
				2F1D087A19040461008B9899 /* bra_B@2x.png in Resources */,
				2FBF3CAA1903C48900C2D579 /* chess_256@2x.png in Resources */,
				2FEC43001904E2EB0073E4E5 /* sound_1.wav in Resources */,
				2FDFDB431902C25700EA07B8 /* UMSShareListController.xib in Resources */,
				2FDFDB3A1902C25700EA07B8 /* UMSocialLocalizable.strings in Resources */,
				2F1D087E19040461008B9899 /* bra_F@2x.png in Resources */,
				2F3E0B521906D2BC00F04011 /* comment_button_en@2x.png in Resources */,
				2F1D088219040461008B9899 /* bra_J@2x.png in Resources */,
				2F3BF476190028BF00D8DCDF /* Images.xcassets in Resources */,
				2F3BF4A019002A0200D8DCDF /* GameViewController.xib in Resources */,
				2FBF3CAE1903C48900C2D579 /* setting_icon@2x.png in Resources */,
				2FBF3CAB1903C48900C2D579 /* chess_1024@2x.png in Resources */,
				2F1D086D1903F4CD008B9899 /* share_button@2x.png in Resources */,
				2FBF3CA41903C48900C2D579 /* chess_4@2x.png in Resources */,
				2FBF3CA71903C48900C2D579 /* chess_32@2x.png in Resources */,
				2F1D08641903EFA7008B9899 /* restart_button@2x.png in Resources */,
				2FDFDB411902C25700EA07B8 /* UMSLoginViewController.xib in Resources */,
				2F1D087F19040461008B9899 /* bra_G@2x.png in Resources */,
				2F1D086B1903F4CD008B9899 /* game_over_title@2x.png in Resources */,
			);
			runOnlyForDeploymentPostprocessing = 0;
		};
		2F3BF479190028BF00D8DCDF /* Resources */ = {
			isa = PBXResourcesBuildPhase;
			buildActionMask = 2147483647;
			files = (
				2F3BF488190028BF00D8DCDF /* InfoPlist.strings in Resources */,
			);
			runOnlyForDeploymentPostprocessing = 0;
		};
/* End PBXResourcesBuildPhase section */

/* Begin PBXSourcesBuildPhase section */
		2F3BF457190028BE00D8DCDF /* Sources */ = {
			isa = PBXSourcesBuildPhase;
			buildActionMask = 2147483647;
			files = (
				2FBF3C421903B73A00C2D579 /* GameOverViewController.m in Sources */,
				2FBF3CB21903CFD100C2D579 /* GameState.m in Sources */,
				2F4652401900D104004E3338 /* QBAnimationSequence.m in Sources */,
				2F3BF4A419002A3700D8DCDF /* OptionViewController.m in Sources */,
				2F46523F1900D104004E3338 /* QBAnimationItem.m in Sources */,
				2F3BF4981900294100D8DCDF /* Global.cpp in Sources */,
				2F3BF474190028BF00D8DCDF /* New2048.xcdatamodeld in Sources */,
				2F3BF49B1900298A00D8DCDF /* DatabaseAccessor.m in Sources */,
				2F3BF46D190028BF00D8DCDF /* main.m in Sources */,
				2F46523E1900D104004E3338 /* QBAnimationGroup.m in Sources */,
				2F3BF49F19002A0200D8DCDF /* GameViewController.m in Sources */,
				2F3BF471190028BF00D8DCDF /* New2048AppDelegate.m in Sources */,
				2F05FF211904CDAF00777903 /* Utilies.m in Sources */,
			);
			runOnlyForDeploymentPostprocessing = 0;
		};
		2F3BF477190028BF00D8DCDF /* Sources */ = {
			isa = PBXSourcesBuildPhase;
			buildActionMask = 2147483647;
			files = (
				2F3BF48A190028BF00D8DCDF /* New2048Tests.m in Sources */,
			);
			runOnlyForDeploymentPostprocessing = 0;
		};
/* End PBXSourcesBuildPhase section */

/* Begin PBXTargetDependency section */
		2F3BF482190028BF00D8DCDF /* PBXTargetDependency */ = {
			isa = PBXTargetDependency;
			target = 2F3BF45A190028BE00D8DCDF /* New2048 */;
			targetProxy = 2F3BF481190028BF00D8DCDF /* PBXContainerItemProxy */;
		};
/* End PBXTargetDependency section */

/* Begin PBXVariantGroup section */
		187CDD46190545B100E51221 /* Localizable.strings */ = {
			isa = PBXVariantGroup;
			children = (
				187CDD45190545B100E51221 /* en */,
				187CDD47190545B600E51221 /* zh-Hans */,
			);
			name = Localizable.strings;
			sourceTree = "<group>";
		};
		2F3BF469190028BF00D8DCDF /* InfoPlist.strings */ = {
			isa = PBXVariantGroup;
			children = (
				2F3BF46A190028BF00D8DCDF /* en */,
				187CDD3E1905454700E51221 /* zh-Hans */,
			);
			name = InfoPlist.strings;
			sourceTree = "<group>";
		};
		2F3BF486190028BF00D8DCDF /* InfoPlist.strings */ = {
			isa = PBXVariantGroup;
			children = (
				2F3BF487190028BF00D8DCDF /* en */,
			);
			name = InfoPlist.strings;
			sourceTree = "<group>";
		};
		2FDFDB201902C25700EA07B8 /* UMSocialLocalizable.strings */ = {
			isa = PBXVariantGroup;
			children = (
				2FDFDB211902C25700EA07B8 /* en */,
				2FDFDB391902C25700EA07B8 /* zh-Hans */,
			);
			name = UMSocialLocalizable.strings;
			sourceTree = "<group>";
		};
/* End PBXVariantGroup section */

/* Begin XCBuildConfiguration section */
		2F3BF48B190028BF00D8DCDF /* Debug */ = {
			isa = XCBuildConfiguration;
			buildSettings = {
				ALWAYS_SEARCH_USER_PATHS = NO;
				ARCHS = (
					"$(ARCHS_STANDARD_32_BIT)",
					armv7,
					armv7s,
				);
				CLANG_CXX_LANGUAGE_STANDARD = "gnu++0x";
				CLANG_CXX_LIBRARY = "libc++";
				CLANG_ENABLE_MODULES = YES;
				CLANG_ENABLE_OBJC_ARC = YES;
				CLANG_WARN_BOOL_CONVERSION = YES;
				CLANG_WARN_CONSTANT_CONVERSION = YES;
				CLANG_WARN_DIRECT_OBJC_ISA_USAGE = YES_ERROR;
				CLANG_WARN_EMPTY_BODY = YES;
				CLANG_WARN_ENUM_CONVERSION = YES;
				CLANG_WARN_INT_CONVERSION = YES;
				CLANG_WARN_OBJC_ROOT_CLASS = YES_ERROR;
				CLANG_WARN__DUPLICATE_METHOD_MATCH = YES;
				"CODE_SIGN_IDENTITY[sdk=iphoneos*]" = "iPhone Developer";
				COPY_PHASE_STRIP = NO;
				GCC_C_LANGUAGE_STANDARD = gnu99;
				GCC_DYNAMIC_NO_PIC = NO;
				GCC_OPTIMIZATION_LEVEL = 0;
				GCC_PREPROCESSOR_DEFINITIONS = (
					"DEBUG=1",
					"$(inherited)",
				);
				GCC_SYMBOLS_PRIVATE_EXTERN = NO;
				GCC_WARN_64_TO_32_BIT_CONVERSION = YES;
				GCC_WARN_ABOUT_RETURN_TYPE = YES_ERROR;
				GCC_WARN_UNDECLARED_SELECTOR = YES;
				GCC_WARN_UNINITIALIZED_AUTOS = YES_AGGRESSIVE;
				GCC_WARN_UNUSED_FUNCTION = YES;
				GCC_WARN_UNUSED_VARIABLE = YES;
				IPHONEOS_DEPLOYMENT_TARGET = 5.0;
				ONLY_ACTIVE_ARCH = YES;
				SDKROOT = iphoneos;
				VALID_ARCHS = "armv7 armv7s";
			};
			name = Debug;
		};
		2F3BF48C190028BF00D8DCDF /* Release */ = {
			isa = XCBuildConfiguration;
			buildSettings = {
				ALWAYS_SEARCH_USER_PATHS = NO;
				ARCHS = (
					"$(ARCHS_STANDARD_32_BIT)",
					armv7,
					armv7s,
				);
				CLANG_CXX_LANGUAGE_STANDARD = "gnu++0x";
				CLANG_CXX_LIBRARY = "libc++";
				CLANG_ENABLE_MODULES = YES;
				CLANG_ENABLE_OBJC_ARC = YES;
				CLANG_WARN_BOOL_CONVERSION = YES;
				CLANG_WARN_CONSTANT_CONVERSION = YES;
				CLANG_WARN_DIRECT_OBJC_ISA_USAGE = YES_ERROR;
				CLANG_WARN_EMPTY_BODY = YES;
				CLANG_WARN_ENUM_CONVERSION = YES;
				CLANG_WARN_INT_CONVERSION = YES;
				CLANG_WARN_OBJC_ROOT_CLASS = YES_ERROR;
				CLANG_WARN__DUPLICATE_METHOD_MATCH = YES;
				"CODE_SIGN_IDENTITY[sdk=iphoneos*]" = "iPhone Developer";
				COPY_PHASE_STRIP = YES;
				ENABLE_NS_ASSERTIONS = NO;
				GCC_C_LANGUAGE_STANDARD = gnu99;
				GCC_WARN_64_TO_32_BIT_CONVERSION = YES;
				GCC_WARN_ABOUT_RETURN_TYPE = YES_ERROR;
				GCC_WARN_UNDECLARED_SELECTOR = YES;
				GCC_WARN_UNINITIALIZED_AUTOS = YES_AGGRESSIVE;
				GCC_WARN_UNUSED_FUNCTION = YES;
				GCC_WARN_UNUSED_VARIABLE = YES;
				IPHONEOS_DEPLOYMENT_TARGET = 5.0;
				SDKROOT = iphoneos;
				VALIDATE_PRODUCT = YES;
				VALID_ARCHS = "armv7 armv7s";
			};
			name = Release;
		};
		2F3BF48E190028BF00D8DCDF /* Debug */ = {
			isa = XCBuildConfiguration;
			buildSettings = {
				ASSETCATALOG_COMPILER_APPICON_NAME = AppIcon;
				ASSETCATALOG_COMPILER_LAUNCHIMAGE_NAME = LaunchImage;
				CODE_SIGN_ENTITLEMENTS = New2048/New2048.entitlements;
				CODE_SIGN_IDENTITY = "iPhone Developer";
				"CODE_SIGN_IDENTITY[sdk=iphoneos*]" = "iPhone Developer";
				GCC_PRECOMPILE_PREFIX_HEADER = YES;
				GCC_PREFIX_HEADER = "New2048/New2048-Prefix.pch";
				INFOPLIST_FILE = "New2048/New2048-Info.plist";
				LIBRARY_SEARCH_PATHS = (
					"$(inherited)",
					"$(PROJECT_DIR)/New2048/SocialShare/UMSocial_Sdk_3.3.7",
					"$(PROJECT_DIR)/New2048/domob_ios_sdk-4.2.3/64bit-A7",
					"$(PROJECT_DIR)/New2048/domob_ios_sdk-4.2.3/DomobAdSDK",
				);
				OTHER_LDFLAGS = (
					"-Object",
					"-all_load",
				);
				PRODUCT_NAME = "$(TARGET_NAME)";
				PROVISIONING_PROFILE = "";
				WRAPPER_EXTENSION = app;
			};
			name = Debug;
		};
		2F3BF48F190028BF00D8DCDF /* Release */ = {
			isa = XCBuildConfiguration;
			buildSettings = {
				ASSETCATALOG_COMPILER_APPICON_NAME = AppIcon;
				ASSETCATALOG_COMPILER_LAUNCHIMAGE_NAME = LaunchImage;
				CODE_SIGN_ENTITLEMENTS = New2048/New2048.entitlements;
				CODE_SIGN_IDENTITY = "iPhone Developer";
				"CODE_SIGN_IDENTITY[sdk=iphoneos*]" = "iPhone Developer";
				GCC_PRECOMPILE_PREFIX_HEADER = YES;
				GCC_PREFIX_HEADER = "New2048/New2048-Prefix.pch";
				INFOPLIST_FILE = "New2048/New2048-Info.plist";
				LIBRARY_SEARCH_PATHS = (
					"$(inherited)",
					"$(PROJECT_DIR)/New2048/SocialShare/UMSocial_Sdk_3.3.7",
					"$(PROJECT_DIR)/New2048/domob_ios_sdk-4.2.3/64bit-A7",
					"$(PROJECT_DIR)/New2048/domob_ios_sdk-4.2.3/DomobAdSDK",
				);
				OTHER_LDFLAGS = (
					"-Object",
					"-all_load",
				);
				PRODUCT_NAME = "$(TARGET_NAME)";
				PROVISIONING_PROFILE = "";
				WRAPPER_EXTENSION = app;
			};
			name = Release;
		};
		2F3BF491190028BF00D8DCDF /* Debug */ = {
			isa = XCBuildConfiguration;
			buildSettings = {
				BUNDLE_LOADER = "$(BUILT_PRODUCTS_DIR)/New2048.app/New2048";
				FRAMEWORK_SEARCH_PATHS = (
					"$(SDKROOT)/Developer/Library/Frameworks",
					"$(inherited)",
					"$(DEVELOPER_FRAMEWORKS_DIR)",
				);
				GCC_PRECOMPILE_PREFIX_HEADER = YES;
				GCC_PREFIX_HEADER = "New2048/New2048-Prefix.pch";
				GCC_PREPROCESSOR_DEFINITIONS = (
					"DEBUG=1",
					"$(inherited)",
				);
				INFOPLIST_FILE = "New2048Tests/New2048Tests-Info.plist";
				PRODUCT_NAME = "$(TARGET_NAME)";
				TEST_HOST = "$(BUNDLE_LOADER)";
				WRAPPER_EXTENSION = xctest;
			};
			name = Debug;
		};
		2F3BF492190028BF00D8DCDF /* Release */ = {
			isa = XCBuildConfiguration;
			buildSettings = {
				BUNDLE_LOADER = "$(BUILT_PRODUCTS_DIR)/New2048.app/New2048";
				FRAMEWORK_SEARCH_PATHS = (
					"$(SDKROOT)/Developer/Library/Frameworks",
					"$(inherited)",
					"$(DEVELOPER_FRAMEWORKS_DIR)",
				);
				GCC_PRECOMPILE_PREFIX_HEADER = YES;
				GCC_PREFIX_HEADER = "New2048/New2048-Prefix.pch";
				INFOPLIST_FILE = "New2048Tests/New2048Tests-Info.plist";
				PRODUCT_NAME = "$(TARGET_NAME)";
				TEST_HOST = "$(BUNDLE_LOADER)";
				WRAPPER_EXTENSION = xctest;
			};
			name = Release;
		};
/* End XCBuildConfiguration section */

/* Begin XCConfigurationList section */
		2F3BF456190028BE00D8DCDF /* Build configuration list for PBXProject "New2048" */ = {
			isa = XCConfigurationList;
			buildConfigurations = (
				2F3BF48B190028BF00D8DCDF /* Debug */,
				2F3BF48C190028BF00D8DCDF /* Release */,
			);
			defaultConfigurationIsVisible = 0;
			defaultConfigurationName = Release;
		};
		2F3BF48D190028BF00D8DCDF /* Build configuration list for PBXNativeTarget "New2048" */ = {
			isa = XCConfigurationList;
			buildConfigurations = (
				2F3BF48E190028BF00D8DCDF /* Debug */,
				2F3BF48F190028BF00D8DCDF /* Release */,
			);
			defaultConfigurationIsVisible = 0;
			defaultConfigurationName = Release;
		};
		2F3BF490190028BF00D8DCDF /* Build configuration list for PBXNativeTarget "New2048Tests" */ = {
			isa = XCConfigurationList;
			buildConfigurations = (
				2F3BF491190028BF00D8DCDF /* Debug */,
				2F3BF492190028BF00D8DCDF /* Release */,
			);
			defaultConfigurationIsVisible = 0;
			defaultConfigurationName = Release;
		};
/* End XCConfigurationList section */

/* Begin XCVersionGroup section */
		2F3BF472190028BF00D8DCDF /* New2048.xcdatamodeld */ = {
			isa = XCVersionGroup;
			children = (
				2F3BF473190028BF00D8DCDF /* New2048.xcdatamodel */,
			);
			currentVersion = 2F3BF473190028BF00D8DCDF /* New2048.xcdatamodel */;
			path = New2048.xcdatamodeld;
			sourceTree = "<group>";
			versionGroupType = wrapper.xcdatamodel;
		};
/* End XCVersionGroup section */
	};
	rootObject = 2F3BF453190028BE00D8DCDF /* Project object */;
}
