// !$*UTF8*$!
{
	archiveVersion = 1;
	classes = {
	};
	objectVersion = 46;
	objects = {

/* Begin PBXBuildFile section */
		1821B0FC1901766100CE49F0 /* Security.framework in Frameworks */ = {isa = PBXBuildFile; fileRef = 1821B0FB1901766100CE49F0 /* Security.framework */; };
		1821B0FE1901767D00CE49F0 /* CoreTelephony.framework in Frameworks */ = {isa = PBXBuildFile; fileRef = 1821B0FD1901767D00CE49F0 /* CoreTelephony.framework */; };
		1821B1001901768400CE49F0 /* MessageUI.framework in Frameworks */ = {isa = PBXBuildFile; fileRef = 1821B0FF1901768400CE49F0 /* MessageUI.framework */; };
		1821B1021901768C00CE49F0 /* CFNetwork.framework in Frameworks */ = {isa = PBXBuildFile; fileRef = 1821B1011901768C00CE49F0 /* CFNetwork.framework */; };
		1821B1041901769400CE49F0 /* MobileCoreServices.framework in Frameworks */ = {isa = PBXBuildFile; fileRef = 1821B1031901769400CE49F0 /* MobileCoreServices.framework */; };
		1821B1061901769F00CE49F0 /* libz.dylib in Frameworks */ = {isa = PBXBuildFile; fileRef = 1821B1051901769F00CE49F0 /* libz.dylib */; };
		1821B108190176A600CE49F0 /* CoreMedia.framework in Frameworks */ = {isa = PBXBuildFile; fileRef = 1821B107190176A600CE49F0 /* CoreMedia.framework */; };
		1821B10A190176AE00CE49F0 /* MediaPlayer.framework in Frameworks */ = {isa = PBXBuildFile; fileRef = 1821B109190176AE00CE49F0 /* MediaPlayer.framework */; };
		1821B10C190176B600CE49F0 /* QuartzCore.framework in Frameworks */ = {isa = PBXBuildFile; fileRef = 1821B10B190176B600CE49F0 /* QuartzCore.framework */; };
		1821B10E190176C100CE49F0 /* CoreText.framework in Frameworks */ = {isa = PBXBuildFile; fileRef = 1821B10D190176C100CE49F0 /* CoreText.framework */; };
		1821B110190176CA00CE49F0 /* AudioToolbox.framework in Frameworks */ = {isa = PBXBuildFile; fileRef = 1821B10F190176CA00CE49F0 /* AudioToolbox.framework */; };
		1821B112190176D600CE49F0 /* EventKit.framework in Frameworks */ = {isa = PBXBuildFile; fileRef = 1821B111190176D600CE49F0 /* EventKit.framework */; };
		1821B114190176DD00CE49F0 /* Social.framework in Frameworks */ = {isa = PBXBuildFile; fileRef = 1821B113190176DD00CE49F0 /* Social.framework */; };
		1821B116190176E500CE49F0 /* StoreKit.framework in Frameworks */ = {isa = PBXBuildFile; fileRef = 1821B115190176E500CE49F0 /* StoreKit.framework */; };
		1821B118190176EC00CE49F0 /* PassKit.framework in Frameworks */ = {isa = PBXBuildFile; fileRef = 1821B117190176EC00CE49F0 /* PassKit.framework */; };
		1821B11A190176F600CE49F0 /* AdSupport.framework in Frameworks */ = {isa = PBXBuildFile; fileRef = 1821B119190176F600CE49F0 /* AdSupport.framework */; };
		1821B11C190176FF00CE49F0 /* CoreLocation.framework in Frameworks */ = {isa = PBXBuildFile; fileRef = 1821B11B190176FF00CE49F0 /* CoreLocation.framework */; };
		1821B11E1901770B00CE49F0 /* SystemConfiguration.framework in Frameworks */ = {isa = PBXBuildFile; fileRef = 1821B11D1901770B00CE49F0 /* SystemConfiguration.framework */; };
		1821B1201901771B00CE49F0 /* AVFoundation.framework in Frameworks */ = {isa = PBXBuildFile; fileRef = 1821B11F1901771B00CE49F0 /* AVFoundation.framework */; };
		1821B1221901772E00CE49F0 /* libsqlite3.dylib in Frameworks */ = {isa = PBXBuildFile; fileRef = 1821B1211901772E00CE49F0 /* libsqlite3.dylib */; };
		187214111902AFB60031D4BF /* DomobAdSDKBundle.bundle in Resources */ = {isa = PBXBuildFile; fileRef = 1872140B1902AFB60031D4BF /* DomobAdSDKBundle.bundle */; };
		187214121902AFB60031D4BF /* libDomobAdSDK.a in Frameworks */ = {isa = PBXBuildFile; fileRef = 1872140C1902AFB60031D4BF /* libDomobAdSDK.a */; };
		187214131902AFB60031D4BF /* README.txt in Resources */ = {isa = PBXBuildFile; fileRef = 1872140D1902AFB60031D4BF /* README.txt */; };
		187214141902AFB60031D4BF /* UserGuide.pdf in Resources */ = {isa = PBXBuildFile; fileRef = 1872140E1902AFB60031D4BF /* UserGuide.pdf */; };
		2F3BF45F190028BE00D8DCDF /* Foundation.framework in Frameworks */ = {isa = PBXBuildFile; fileRef = 2F3BF45E190028BE00D8DCDF /* Foundation.framework */; };
		2F3BF461190028BE00D8DCDF /* CoreGraphics.framework in Frameworks */ = {isa = PBXBuildFile; fileRef = 2F3BF460190028BE00D8DCDF /* CoreGraphics.framework */; };
		2F3BF463190028BF00D8DCDF /* UIKit.framework in Frameworks */ = {isa = PBXBuildFile; fileRef = 2F3BF462190028BF00D8DCDF /* UIKit.framework */; };
		2F3BF465190028BF00D8DCDF /* CoreData.framework in Frameworks */ = {isa = PBXBuildFile; fileRef = 2F3BF464190028BF00D8DCDF /* CoreData.framework */; };
		2F3BF46B190028BF00D8DCDF /* InfoPlist.strings in Resources */ = {isa = PBXBuildFile; fileRef = 2F3BF469190028BF00D8DCDF /* InfoPlist.strings */; };
		2F3BF46D190028BF00D8DCDF /* main.m in Sources */ = {isa = PBXBuildFile; fileRef = 2F3BF46C190028BF00D8DCDF /* main.m */; };
		2F3BF471190028BF00D8DCDF /* New2048AppDelegate.m in Sources */ = {isa = PBXBuildFile; fileRef = 2F3BF470190028BF00D8DCDF /* New2048AppDelegate.m */; };
		2F3BF474190028BF00D8DCDF /* New2048.xcdatamodeld in Sources */ = {isa = PBXBuildFile; fileRef = 2F3BF472190028BF00D8DCDF /* New2048.xcdatamodeld */; };
		2F3BF476190028BF00D8DCDF /* Images.xcassets in Resources */ = {isa = PBXBuildFile; fileRef = 2F3BF475190028BF00D8DCDF /* Images.xcassets */; };
		2F3BF47D190028BF00D8DCDF /* XCTest.framework in Frameworks */ = {isa = PBXBuildFile; fileRef = 2F3BF47C190028BF00D8DCDF /* XCTest.framework */; };
		2F3BF47E190028BF00D8DCDF /* Foundation.framework in Frameworks */ = {isa = PBXBuildFile; fileRef = 2F3BF45E190028BE00D8DCDF /* Foundation.framework */; };
		2F3BF47F190028BF00D8DCDF /* UIKit.framework in Frameworks */ = {isa = PBXBuildFile; fileRef = 2F3BF462190028BF00D8DCDF /* UIKit.framework */; };
		2F3BF480190028BF00D8DCDF /* CoreData.framework in Frameworks */ = {isa = PBXBuildFile; fileRef = 2F3BF464190028BF00D8DCDF /* CoreData.framework */; };
		2F3BF488190028BF00D8DCDF /* InfoPlist.strings in Resources */ = {isa = PBXBuildFile; fileRef = 2F3BF486190028BF00D8DCDF /* InfoPlist.strings */; };
		2F3BF48A190028BF00D8DCDF /* New2048Tests.m in Sources */ = {isa = PBXBuildFile; fileRef = 2F3BF489190028BF00D8DCDF /* New2048Tests.m */; };
		2F3BF4981900294100D8DCDF /* Global.cpp in Sources */ = {isa = PBXBuildFile; fileRef = 2F3BF4961900294100D8DCDF /* Global.cpp */; };
		2F3BF49B1900298A00D8DCDF /* DatabaseAccessor.m in Sources */ = {isa = PBXBuildFile; fileRef = 2F3BF49A1900298A00D8DCDF /* DatabaseAccessor.m */; };
		2F3BF49F19002A0200D8DCDF /* GameViewController.m in Sources */ = {isa = PBXBuildFile; fileRef = 2F3BF49D19002A0200D8DCDF /* GameViewController.m */; };
		2F3BF4A019002A0200D8DCDF /* GameViewController.xib in Resources */ = {isa = PBXBuildFile; fileRef = 2F3BF49E19002A0200D8DCDF /* GameViewController.xib */; };
		2F3BF4A419002A3700D8DCDF /* OptionViewController.m in Sources */ = {isa = PBXBuildFile; fileRef = 2F3BF4A219002A3700D8DCDF /* OptionViewController.m */; };
		2F3BF4A519002A3700D8DCDF /* OptionViewController.xib in Resources */ = {isa = PBXBuildFile; fileRef = 2F3BF4A319002A3700D8DCDF /* OptionViewController.xib */; };
/* End PBXBuildFile section */

/* Begin PBXContainerItemProxy section */
		2F3BF481190028BF00D8DCDF /* PBXContainerItemProxy */ = {
			isa = PBXContainerItemProxy;
			containerPortal = 2F3BF453190028BE00D8DCDF /* Project object */;
			proxyType = 1;
			remoteGlobalIDString = 2F3BF45A190028BE00D8DCDF;
			remoteInfo = New2048;
		};
/* End PBXContainerItemProxy section */

/* Begin PBXFileReference section */
		1821B0FB1901766100CE49F0 /* Security.framework */ = {isa = PBXFileReference; lastKnownFileType = wrapper.framework; name = Security.framework; path = System/Library/Frameworks/Security.framework; sourceTree = SDKROOT; };
		1821B0FD1901767D00CE49F0 /* CoreTelephony.framework */ = {isa = PBXFileReference; lastKnownFileType = wrapper.framework; name = CoreTelephony.framework; path = System/Library/Frameworks/CoreTelephony.framework; sourceTree = SDKROOT; };
		1821B0FF1901768400CE49F0 /* MessageUI.framework */ = {isa = PBXFileReference; lastKnownFileType = wrapper.framework; name = MessageUI.framework; path = System/Library/Frameworks/MessageUI.framework; sourceTree = SDKROOT; };
		1821B1011901768C00CE49F0 /* CFNetwork.framework */ = {isa = PBXFileReference; lastKnownFileType = wrapper.framework; name = CFNetwork.framework; path = System/Library/Frameworks/CFNetwork.framework; sourceTree = SDKROOT; };
		1821B1031901769400CE49F0 /* MobileCoreServices.framework */ = {isa = PBXFileReference; lastKnownFileType = wrapper.framework; name = MobileCoreServices.framework; path = System/Library/Frameworks/MobileCoreServices.framework; sourceTree = SDKROOT; };
		1821B1051901769F00CE49F0 /* libz.dylib */ = {isa = PBXFileReference; lastKnownFileType = "compiled.mach-o.dylib"; name = libz.dylib; path = usr/lib/libz.dylib; sourceTree = SDKROOT; };
		1821B107190176A600CE49F0 /* CoreMedia.framework */ = {isa = PBXFileReference; lastKnownFileType = wrapper.framework; name = CoreMedia.framework; path = System/Library/Frameworks/CoreMedia.framework; sourceTree = SDKROOT; };
		1821B109190176AE00CE49F0 /* MediaPlayer.framework */ = {isa = PBXFileReference; lastKnownFileType = wrapper.framework; name = MediaPlayer.framework; path = System/Library/Frameworks/MediaPlayer.framework; sourceTree = SDKROOT; };
		1821B10B190176B600CE49F0 /* QuartzCore.framework */ = {isa = PBXFileReference; lastKnownFileType = wrapper.framework; name = QuartzCore.framework; path = System/Library/Frameworks/QuartzCore.framework; sourceTree = SDKROOT; };
		1821B10D190176C100CE49F0 /* CoreText.framework */ = {isa = PBXFileReference; lastKnownFileType = wrapper.framework; name = CoreText.framework; path = System/Library/Frameworks/CoreText.framework; sourceTree = SDKROOT; };
		1821B10F190176CA00CE49F0 /* AudioToolbox.framework */ = {isa = PBXFileReference; lastKnownFileType = wrapper.framework; name = AudioToolbox.framework; path = System/Library/Frameworks/AudioToolbox.framework; sourceTree = SDKROOT; };
		1821B111190176D600CE49F0 /* EventKit.framework */ = {isa = PBXFileReference; lastKnownFileType = wrapper.framework; name = EventKit.framework; path = System/Library/Frameworks/EventKit.framework; sourceTree = SDKROOT; };
		1821B113190176DD00CE49F0 /* Social.framework */ = {isa = PBXFileReference; lastKnownFileType = wrapper.framework; name = Social.framework; path = System/Library/Frameworks/Social.framework; sourceTree = SDKROOT; };
		1821B115190176E500CE49F0 /* StoreKit.framework */ = {isa = PBXFileReference; lastKnownFileType = wrapper.framework; name = StoreKit.framework; path = System/Library/Frameworks/StoreKit.framework; sourceTree = SDKROOT; };
		1821B117190176EC00CE49F0 /* PassKit.framework */ = {isa = PBXFileReference; lastKnownFileType = wrapper.framework; name = PassKit.framework; path = System/Library/Frameworks/PassKit.framework; sourceTree = SDKROOT; };
		1821B119190176F600CE49F0 /* AdSupport.framework */ = {isa = PBXFileReference; lastKnownFileType = wrapper.framework; name = AdSupport.framework; path = System/Library/Frameworks/AdSupport.framework; sourceTree = SDKROOT; };
		1821B11B190176FF00CE49F0 /* CoreLocation.framework */ = {isa = PBXFileReference; lastKnownFileType = wrapper.framework; name = CoreLocation.framework; path = System/Library/Frameworks/CoreLocation.framework; sourceTree = SDKROOT; };
		1821B11D1901770B00CE49F0 /* SystemConfiguration.framework */ = {isa = PBXFileReference; lastKnownFileType = wrapper.framework; name = SystemConfiguration.framework; path = System/Library/Frameworks/SystemConfiguration.framework; sourceTree = SDKROOT; };
		1821B11F1901771B00CE49F0 /* AVFoundation.framework */ = {isa = PBXFileReference; lastKnownFileType = wrapper.framework; name = AVFoundation.framework; path = System/Library/Frameworks/AVFoundation.framework; sourceTree = SDKROOT; };
		1821B1211901772E00CE49F0 /* libsqlite3.dylib */ = {isa = PBXFileReference; lastKnownFileType = "compiled.mach-o.dylib"; name = libsqlite3.dylib; path = usr/lib/libsqlite3.dylib; sourceTree = SDKROOT; };
		187214041902AFB60031D4BF /* DMAdView.h */ = {isa = PBXFileReference; fileEncoding = 4; lastKnownFileType = sourcecode.c.h; path = DMAdView.h; sourceTree = "<group>"; };
		187214051902AFB60031D4BF /* DMFeedsAdView.h */ = {isa = PBXFileReference; fileEncoding = 4; lastKnownFileType = sourcecode.c.h; path = DMFeedsAdView.h; sourceTree = "<group>"; };
		187214061902AFB60031D4BF /* DMInterstitialAdController.h */ = {isa = PBXFileReference; fileEncoding = 4; lastKnownFileType = sourcecode.c.h; path = DMInterstitialAdController.h; sourceTree = "<group>"; };
		187214071902AFB60031D4BF /* DMRTSplashAdController.h */ = {isa = PBXFileReference; fileEncoding = 4; lastKnownFileType = sourcecode.c.h; path = DMRTSplashAdController.h; sourceTree = "<group>"; };
		187214081902AFB60031D4BF /* DMSplashAdController.h */ = {isa = PBXFileReference; fileEncoding = 4; lastKnownFileType = sourcecode.c.h; path = DMSplashAdController.h; sourceTree = "<group>"; };
		187214091902AFB60031D4BF /* DMTools.h */ = {isa = PBXFileReference; fileEncoding = 4; lastKnownFileType = sourcecode.c.h; path = DMTools.h; sourceTree = "<group>"; };
		1872140B1902AFB60031D4BF /* DomobAdSDKBundle.bundle */ = {isa = PBXFileReference; lastKnownFileType = "wrapper.plug-in"; path = DomobAdSDKBundle.bundle; sourceTree = "<group>"; };
		1872140C1902AFB60031D4BF /* libDomobAdSDK.a */ = {isa = PBXFileReference; lastKnownFileType = archive.ar; path = libDomobAdSDK.a; sourceTree = "<group>"; };
		1872140D1902AFB60031D4BF /* README.txt */ = {isa = PBXFileReference; fileEncoding = 4; lastKnownFileType = text; path = README.txt; sourceTree = "<group>"; };
		1872140E1902AFB60031D4BF /* UserGuide.pdf */ = {isa = PBXFileReference; lastKnownFileType = image.pdf; path = UserGuide.pdf; sourceTree = "<group>"; };
		2F3BF45B190028BE00D8DCDF /* New2048.app */ = {isa = PBXFileReference; explicitFileType = wrapper.application; includeInIndex = 0; path = New2048.app; sourceTree = BUILT_PRODUCTS_DIR; };
		2F3BF45E190028BE00D8DCDF /* Foundation.framework */ = {isa = PBXFileReference; lastKnownFileType = wrapper.framework; name = Foundation.framework; path = System/Library/Frameworks/Foundation.framework; sourceTree = SDKROOT; };
		2F3BF460190028BE00D8DCDF /* CoreGraphics.framework */ = {isa = PBXFileReference; lastKnownFileType = wrapper.framework; name = CoreGraphics.framework; path = System/Library/Frameworks/CoreGraphics.framework; sourceTree = SDKROOT; };
		2F3BF462190028BF00D8DCDF /* UIKit.framework */ = {isa = PBXFileReference; lastKnownFileType = wrapper.framework; name = UIKit.framework; path = System/Library/Frameworks/UIKit.framework; sourceTree = SDKROOT; };
		2F3BF464190028BF00D8DCDF /* CoreData.framework */ = {isa = PBXFileReference; lastKnownFileType = wrapper.framework; name = CoreData.framework; path = System/Library/Frameworks/CoreData.framework; sourceTree = SDKROOT; };
		2F3BF468190028BF00D8DCDF /* New2048-Info.plist */ = {isa = PBXFileReference; lastKnownFileType = text.plist.xml; path = "New2048-Info.plist"; sourceTree = "<group>"; };
		2F3BF46A190028BF00D8DCDF /* en */ = {isa = PBXFileReference; lastKnownFileType = text.plist.strings; name = en; path = en.lproj/InfoPlist.strings; sourceTree = "<group>"; };
		2F3BF46C190028BF00D8DCDF /* main.m */ = {isa = PBXFileReference; lastKnownFileType = sourcecode.c.objc; path = main.m; sourceTree = "<group>"; };
		2F3BF46E190028BF00D8DCDF /* New2048-Prefix.pch */ = {isa = PBXFileReference; lastKnownFileType = sourcecode.c.h; path = "New2048-Prefix.pch"; sourceTree = "<group>"; };
		2F3BF46F190028BF00D8DCDF /* New2048AppDelegate.h */ = {isa = PBXFileReference; lastKnownFileType = sourcecode.c.h; path = New2048AppDelegate.h; sourceTree = "<group>"; };
		2F3BF470190028BF00D8DCDF /* New2048AppDelegate.m */ = {isa = PBXFileReference; lastKnownFileType = sourcecode.c.objc; path = New2048AppDelegate.m; sourceTree = "<group>"; };
		2F3BF473190028BF00D8DCDF /* New2048.xcdatamodel */ = {isa = PBXFileReference; lastKnownFileType = wrapper.xcdatamodel; path = New2048.xcdatamodel; sourceTree = "<group>"; };
		2F3BF475190028BF00D8DCDF /* Images.xcassets */ = {isa = PBXFileReference; lastKnownFileType = folder.assetcatalog; path = Images.xcassets; sourceTree = "<group>"; };
		2F3BF47B190028BF00D8DCDF /* New2048Tests.xctest */ = {isa = PBXFileReference; explicitFileType = wrapper.cfbundle; includeInIndex = 0; path = New2048Tests.xctest; sourceTree = BUILT_PRODUCTS_DIR; };
		2F3BF47C190028BF00D8DCDF /* XCTest.framework */ = {isa = PBXFileReference; lastKnownFileType = wrapper.framework; name = XCTest.framework; path = Library/Frameworks/XCTest.framework; sourceTree = DEVELOPER_DIR; };
		2F3BF485190028BF00D8DCDF /* New2048Tests-Info.plist */ = {isa = PBXFileReference; lastKnownFileType = text.plist.xml; path = "New2048Tests-Info.plist"; sourceTree = "<group>"; };
		2F3BF487190028BF00D8DCDF /* en */ = {isa = PBXFileReference; lastKnownFileType = text.plist.strings; name = en; path = en.lproj/InfoPlist.strings; sourceTree = "<group>"; };
		2F3BF489190028BF00D8DCDF /* New2048Tests.m */ = {isa = PBXFileReference; lastKnownFileType = sourcecode.c.objc; path = New2048Tests.m; sourceTree = "<group>"; };
		2F3BF4961900294100D8DCDF /* Global.cpp */ = {isa = PBXFileReference; fileEncoding = 4; lastKnownFileType = sourcecode.cpp.cpp; path = Global.cpp; sourceTree = "<group>"; };
		2F3BF4971900294100D8DCDF /* Global.h */ = {isa = PBXFileReference; fileEncoding = 4; lastKnownFileType = sourcecode.c.h; path = Global.h; sourceTree = "<group>"; };
		2F3BF4991900298A00D8DCDF /* DatabaseAccessor.h */ = {isa = PBXFileReference; fileEncoding = 4; lastKnownFileType = sourcecode.c.h; path = DatabaseAccessor.h; sourceTree = "<group>"; };
		2F3BF49A1900298A00D8DCDF /* DatabaseAccessor.m */ = {isa = PBXFileReference; fileEncoding = 4; lastKnownFileType = sourcecode.c.objc; path = DatabaseAccessor.m; sourceTree = "<group>"; };
		2F3BF49C19002A0200D8DCDF /* GameViewController.h */ = {isa = PBXFileReference; fileEncoding = 4; lastKnownFileType = sourcecode.c.h; path = GameViewController.h; sourceTree = "<group>"; };
		2F3BF49D19002A0200D8DCDF /* GameViewController.m */ = {isa = PBXFileReference; fileEncoding = 4; lastKnownFileType = sourcecode.c.objc; path = GameViewController.m; sourceTree = "<group>"; };
		2F3BF49E19002A0200D8DCDF /* GameViewController.xib */ = {isa = PBXFileReference; fileEncoding = 4; lastKnownFileType = file.xib; path = GameViewController.xib; sourceTree = "<group>"; };
		2F3BF4A119002A3700D8DCDF /* OptionViewController.h */ = {isa = PBXFileReference; fileEncoding = 4; lastKnownFileType = sourcecode.c.h; path = OptionViewController.h; sourceTree = "<group>"; };
		2F3BF4A219002A3700D8DCDF /* OptionViewController.m */ = {isa = PBXFileReference; fileEncoding = 4; lastKnownFileType = sourcecode.c.objc; path = OptionViewController.m; sourceTree = "<group>"; };
		2F3BF4A319002A3700D8DCDF /* OptionViewController.xib */ = {isa = PBXFileReference; fileEncoding = 4; lastKnownFileType = file.xib; path = OptionViewController.xib; sourceTree = "<group>"; };
/* End PBXFileReference section */

/* Begin PBXFrameworksBuildPhase section */
		2F3BF458190028BE00D8DCDF /* Frameworks */ = {
			isa = PBXFrameworksBuildPhase;
			buildActionMask = 2147483647;
			files = (
				1821B1221901772E00CE49F0 /* libsqlite3.dylib in Frameworks */,
				187214121902AFB60031D4BF /* libDomobAdSDK.a in Frameworks */,
				1821B1201901771B00CE49F0 /* AVFoundation.framework in Frameworks */,
				1821B11E1901770B00CE49F0 /* SystemConfiguration.framework in Frameworks */,
				1821B11C190176FF00CE49F0 /* CoreLocation.framework in Frameworks */,
				1821B11A190176F600CE49F0 /* AdSupport.framework in Frameworks */,
				1821B118190176EC00CE49F0 /* PassKit.framework in Frameworks */,
				1821B116190176E500CE49F0 /* StoreKit.framework in Frameworks */,
				1821B114190176DD00CE49F0 /* Social.framework in Frameworks */,
				1821B112190176D600CE49F0 /* EventKit.framework in Frameworks */,
				1821B110190176CA00CE49F0 /* AudioToolbox.framework in Frameworks */,
				1821B10E190176C100CE49F0 /* CoreText.framework in Frameworks */,
				1821B10C190176B600CE49F0 /* QuartzCore.framework in Frameworks */,
				1821B10A190176AE00CE49F0 /* MediaPlayer.framework in Frameworks */,
				1821B108190176A600CE49F0 /* CoreMedia.framework in Frameworks */,
				1821B1061901769F00CE49F0 /* libz.dylib in Frameworks */,
				1821B1041901769400CE49F0 /* MobileCoreServices.framework in Frameworks */,
				1821B1021901768C00CE49F0 /* CFNetwork.framework in Frameworks */,
				1821B1001901768400CE49F0 /* MessageUI.framework in Frameworks */,
				1821B0FE1901767D00CE49F0 /* CoreTelephony.framework in Frameworks */,
				1821B0FC1901766100CE49F0 /* Security.framework in Frameworks */,
				2F3BF461190028BE00D8DCDF /* CoreGraphics.framework in Frameworks */,
				2F3BF465190028BF00D8DCDF /* CoreData.framework in Frameworks */,
				2F3BF463190028BF00D8DCDF /* UIKit.framework in Frameworks */,
				2F3BF45F190028BE00D8DCDF /* Foundation.framework in Frameworks */,
			);
			runOnlyForDeploymentPostprocessing = 0;
		};
		2F3BF478190028BF00D8DCDF /* Frameworks */ = {
			isa = PBXFrameworksBuildPhase;
			buildActionMask = 2147483647;
			files = (
				2F3BF47D190028BF00D8DCDF /* XCTest.framework in Frameworks */,
				2F3BF480190028BF00D8DCDF /* CoreData.framework in Frameworks */,
				2F3BF47F190028BF00D8DCDF /* UIKit.framework in Frameworks */,
				2F3BF47E190028BF00D8DCDF /* Foundation.framework in Frameworks */,
			);
			runOnlyForDeploymentPostprocessing = 0;
		};
/* End PBXFrameworksBuildPhase section */

/* Begin PBXGroup section */
		187213FF1902AFB60031D4BF /* domob_ios_sdk-4.2.3 */ = {
			isa = PBXGroup;
			children = (
				187214031902AFB60031D4BF /* DomobAdSDK */,
				1872140D1902AFB60031D4BF /* README.txt */,
				1872140E1902AFB60031D4BF /* UserGuide.pdf */,
			);
			path = "domob_ios_sdk-4.2.3";
			sourceTree = "<group>";
		};
		187214031902AFB60031D4BF /* DomobAdSDK */ = {
			isa = PBXGroup;
			children = (
				187214041902AFB60031D4BF /* DMAdView.h */,
				187214051902AFB60031D4BF /* DMFeedsAdView.h */,
				187214061902AFB60031D4BF /* DMInterstitialAdController.h */,
				187214071902AFB60031D4BF /* DMRTSplashAdController.h */,
				187214081902AFB60031D4BF /* DMSplashAdController.h */,
				187214091902AFB60031D4BF /* DMTools.h */,
				1872140A1902AFB60031D4BF /* DomobAdSDKBundle */,
				1872140C1902AFB60031D4BF /* libDomobAdSDK.a */,
			);
			path = DomobAdSDK;
			sourceTree = "<group>";
		};
		1872140A1902AFB60031D4BF /* DomobAdSDKBundle */ = {
			isa = PBXGroup;
			children = (
				1872140B1902AFB60031D4BF /* DomobAdSDKBundle.bundle */,
			);
			path = DomobAdSDKBundle;
			sourceTree = "<group>";
		};
		2F3BF452190028BE00D8DCDF = {
			isa = PBXGroup;
			children = (
				2F3BF466190028BF00D8DCDF /* New2048 */,
				2F3BF483190028BF00D8DCDF /* New2048Tests */,
				2F3BF45D190028BE00D8DCDF /* Frameworks */,
				2F3BF45C190028BE00D8DCDF /* Products */,
			);
			sourceTree = "<group>";
		};
		2F3BF45C190028BE00D8DCDF /* Products */ = {
			isa = PBXGroup;
			children = (
				2F3BF45B190028BE00D8DCDF /* New2048.app */,
				2F3BF47B190028BF00D8DCDF /* New2048Tests.xctest */,
			);
			name = Products;
			sourceTree = "<group>";
		};
		2F3BF45D190028BE00D8DCDF /* Frameworks */ = {
			isa = PBXGroup;
			children = (
				1821B1211901772E00CE49F0 /* libsqlite3.dylib */,
				1821B11F1901771B00CE49F0 /* AVFoundation.framework */,
				1821B11D1901770B00CE49F0 /* SystemConfiguration.framework */,
				1821B11B190176FF00CE49F0 /* CoreLocation.framework */,
				1821B119190176F600CE49F0 /* AdSupport.framework */,
				1821B117190176EC00CE49F0 /* PassKit.framework */,
				1821B115190176E500CE49F0 /* StoreKit.framework */,
				1821B113190176DD00CE49F0 /* Social.framework */,
				1821B111190176D600CE49F0 /* EventKit.framework */,
				1821B10F190176CA00CE49F0 /* AudioToolbox.framework */,
				1821B10D190176C100CE49F0 /* CoreText.framework */,
				1821B10B190176B600CE49F0 /* QuartzCore.framework */,
				1821B109190176AE00CE49F0 /* MediaPlayer.framework */,
				1821B107190176A600CE49F0 /* CoreMedia.framework */,
				1821B1051901769F00CE49F0 /* libz.dylib */,
				1821B1031901769400CE49F0 /* MobileCoreServices.framework */,
				1821B1011901768C00CE49F0 /* CFNetwork.framework */,
				1821B0FF1901768400CE49F0 /* MessageUI.framework */,
				1821B0FD1901767D00CE49F0 /* CoreTelephony.framework */,
				1821B0FB1901766100CE49F0 /* Security.framework */,
				2F3BF45E190028BE00D8DCDF /* Foundation.framework */,
				2F3BF460190028BE00D8DCDF /* CoreGraphics.framework */,
				2F3BF462190028BF00D8DCDF /* UIKit.framework */,
				2F3BF464190028BF00D8DCDF /* CoreData.framework */,
				2F3BF47C190028BF00D8DCDF /* XCTest.framework */,
			);
			name = Frameworks;
			sourceTree = "<group>";
		};
		2F3BF466190028BF00D8DCDF /* New2048 */ = {
			isa = PBXGroup;
			children = (
				187213FF1902AFB60031D4BF /* domob_ios_sdk-4.2.3 */,
				2F3BF493190028D800D8DCDF /* Utilies */,
				2F3BF46F190028BF00D8DCDF /* New2048AppDelegate.h */,
				2F3BF470190028BF00D8DCDF /* New2048AppDelegate.m */,
				2F3BF475190028BF00D8DCDF /* Images.xcassets */,
				2F3BF472190028BF00D8DCDF /* New2048.xcdatamodeld */,
				2F3BF467190028BF00D8DCDF /* Supporting Files */,
				2F3BF4961900294100D8DCDF /* Global.cpp */,
				2F3BF4971900294100D8DCDF /* Global.h */,
				2F3BF49C19002A0200D8DCDF /* GameViewController.h */,
				2F3BF49D19002A0200D8DCDF /* GameViewController.m */,
				2F3BF49E19002A0200D8DCDF /* GameViewController.xib */,
				2F3BF4A119002A3700D8DCDF /* OptionViewController.h */,
				2F3BF4A219002A3700D8DCDF /* OptionViewController.m */,
				2F3BF4A319002A3700D8DCDF /* OptionViewController.xib */,
			);
			path = New2048;
			sourceTree = "<group>";
		};
		2F3BF467190028BF00D8DCDF /* Supporting Files */ = {
			isa = PBXGroup;
			children = (
				2F3BF468190028BF00D8DCDF /* New2048-Info.plist */,
				2F3BF469190028BF00D8DCDF /* InfoPlist.strings */,
				2F3BF46C190028BF00D8DCDF /* main.m */,
				2F3BF46E190028BF00D8DCDF /* New2048-Prefix.pch */,
			);
			name = "Supporting Files";
			sourceTree = "<group>";
		};
		2F3BF483190028BF00D8DCDF /* New2048Tests */ = {
			isa = PBXGroup;
			children = (
				2F3BF489190028BF00D8DCDF /* New2048Tests.m */,
				2F3BF484190028BF00D8DCDF /* Supporting Files */,
			);
			path = New2048Tests;
			sourceTree = "<group>";
		};
		2F3BF484190028BF00D8DCDF /* Supporting Files */ = {
			isa = PBXGroup;
			children = (
				2F3BF485190028BF00D8DCDF /* New2048Tests-Info.plist */,
				2F3BF486190028BF00D8DCDF /* InfoPlist.strings */,
			);
			name = "Supporting Files";
			sourceTree = "<group>";
		};
		2F3BF493190028D800D8DCDF /* Utilies */ = {
			isa = PBXGroup;
			children = (
				2F3BF4991900298A00D8DCDF /* DatabaseAccessor.h */,
				2F3BF49A1900298A00D8DCDF /* DatabaseAccessor.m */,
			);
			path = Utilies;
			sourceTree = "<group>";
		};
/* End PBXGroup section */

/* Begin PBXNativeTarget section */
		2F3BF45A190028BE00D8DCDF /* New2048 */ = {
			isa = PBXNativeTarget;
			buildConfigurationList = 2F3BF48D190028BF00D8DCDF /* Build configuration list for PBXNativeTarget "New2048" */;
			buildPhases = (
				2F3BF457190028BE00D8DCDF /* Sources */,
				2F3BF458190028BE00D8DCDF /* Frameworks */,
				2F3BF459190028BE00D8DCDF /* Resources */,
			);
			buildRules = (
			);
			dependencies = (
			);
			name = New2048;
			productName = New2048;
			productReference = 2F3BF45B190028BE00D8DCDF /* New2048.app */;
			productType = "com.apple.product-type.application";
		};
		2F3BF47A190028BF00D8DCDF /* New2048Tests */ = {
			isa = PBXNativeTarget;
			buildConfigurationList = 2F3BF490190028BF00D8DCDF /* Build configuration list for PBXNativeTarget "New2048Tests" */;
			buildPhases = (
				2F3BF477190028BF00D8DCDF /* Sources */,
				2F3BF478190028BF00D8DCDF /* Frameworks */,
				2F3BF479190028BF00D8DCDF /* Resources */,
			);
			buildRules = (
			);
			dependencies = (
				2F3BF482190028BF00D8DCDF /* PBXTargetDependency */,
			);
			name = New2048Tests;
			productName = New2048Tests;
			productReference = 2F3BF47B190028BF00D8DCDF /* New2048Tests.xctest */;
			productType = "com.apple.product-type.bundle.unit-test";
		};
/* End PBXNativeTarget section */

/* Begin PBXProject section */
		2F3BF453190028BE00D8DCDF /* Project object */ = {
			isa = PBXProject;
			attributes = {
				CLASSPREFIX = New2048;
				LastUpgradeCheck = 0510;
				ORGANIZATIONNAME = "Chen Xiangwen";
				TargetAttributes = {
					2F3BF45A190028BE00D8DCDF = {
						DevelopmentTeam = 87N4K2M736;
					};
					2F3BF47A190028BF00D8DCDF = {
						TestTargetID = 2F3BF45A190028BE00D8DCDF;
					};
				};
			};
			buildConfigurationList = 2F3BF456190028BE00D8DCDF /* Build configuration list for PBXProject "New2048" */;
			compatibilityVersion = "Xcode 3.2";
			developmentRegion = English;
			hasScannedForEncodings = 0;
			knownRegions = (
				en,
			);
			mainGroup = 2F3BF452190028BE00D8DCDF;
			productRefGroup = 2F3BF45C190028BE00D8DCDF /* Products */;
			projectDirPath = "";
			projectRoot = "";
			targets = (
				2F3BF45A190028BE00D8DCDF /* New2048 */,
				2F3BF47A190028BF00D8DCDF /* New2048Tests */,
			);
		};
/* End PBXProject section */

/* Begin PBXResourcesBuildPhase section */
		2F3BF459190028BE00D8DCDF /* Resources */ = {
			isa = PBXResourcesBuildPhase;
			buildActionMask = 2147483647;
			files = (
				2F3BF46B190028BF00D8DCDF /* InfoPlist.strings in Resources */,
				2F3BF4A519002A3700D8DCDF /* OptionViewController.xib in Resources */,
				187214141902AFB60031D4BF /* UserGuide.pdf in Resources */,
				2F3BF476190028BF00D8DCDF /* Images.xcassets in Resources */,
				187214111902AFB60031D4BF /* DomobAdSDKBundle.bundle in Resources */,
				2F3BF4A019002A0200D8DCDF /* GameViewController.xib in Resources */,
				187214131902AFB60031D4BF /* README.txt in Resources */,
			);
			runOnlyForDeploymentPostprocessing = 0;
		};
		2F3BF479190028BF00D8DCDF /* Resources */ = {
			isa = PBXResourcesBuildPhase;
			buildActionMask = 2147483647;
			files = (
				2F3BF488190028BF00D8DCDF /* InfoPlist.strings in Resources */,
			);
			runOnlyForDeploymentPostprocessing = 0;
		};
/* End PBXResourcesBuildPhase section */

/* Begin PBXSourcesBuildPhase section */
		2F3BF457190028BE00D8DCDF /* Sources */ = {
			isa = PBXSourcesBuildPhase;
			buildActionMask = 2147483647;
			files = (
				2F3BF4A419002A3700D8DCDF /* OptionViewController.m in Sources */,
				2F3BF4981900294100D8DCDF /* Global.cpp in Sources */,
				2F3BF474190028BF00D8DCDF /* New2048.xcdatamodeld in Sources */,
				2F3BF49B1900298A00D8DCDF /* DatabaseAccessor.m in Sources */,
				2F3BF46D190028BF00D8DCDF /* main.m in Sources */,
				2F3BF49F19002A0200D8DCDF /* GameViewController.m in Sources */,
				2F3BF471190028BF00D8DCDF /* New2048AppDelegate.m in Sources */,
			);
			runOnlyForDeploymentPostprocessing = 0;
		};
		2F3BF477190028BF00D8DCDF /* Sources */ = {
			isa = PBXSourcesBuildPhase;
			buildActionMask = 2147483647;
			files = (
				2F3BF48A190028BF00D8DCDF /* New2048Tests.m in Sources */,
			);
			runOnlyForDeploymentPostprocessing = 0;
		};
/* End PBXSourcesBuildPhase section */

/* Begin PBXTargetDependency section */
		2F3BF482190028BF00D8DCDF /* PBXTargetDependency */ = {
			isa = PBXTargetDependency;
			target = 2F3BF45A190028BE00D8DCDF /* New2048 */;
			targetProxy = 2F3BF481190028BF00D8DCDF /* PBXContainerItemProxy */;
		};
/* End PBXTargetDependency section */

/* Begin PBXVariantGroup section */
		2F3BF469190028BF00D8DCDF /* InfoPlist.strings */ = {
			isa = PBXVariantGroup;
			children = (
				2F3BF46A190028BF00D8DCDF /* en */,
			);
			name = InfoPlist.strings;
			sourceTree = "<group>";
		};
		2F3BF486190028BF00D8DCDF /* InfoPlist.strings */ = {
			isa = PBXVariantGroup;
			children = (
				2F3BF487190028BF00D8DCDF /* en */,
			);
			name = InfoPlist.strings;
			sourceTree = "<group>";
		};
/* End PBXVariantGroup section */

/* Begin XCBuildConfiguration section */
		2F3BF48B190028BF00D8DCDF /* Debug */ = {
			isa = XCBuildConfiguration;
			buildSettings = {
				ALWAYS_SEARCH_USER_PATHS = NO;
				CLANG_CXX_LANGUAGE_STANDARD = "gnu++0x";
				CLANG_CXX_LIBRARY = "libc++";
				CLANG_ENABLE_MODULES = YES;
				CLANG_ENABLE_OBJC_ARC = YES;
				CLANG_WARN_BOOL_CONVERSION = YES;
				CLANG_WARN_CONSTANT_CONVERSION = YES;
				CLANG_WARN_DIRECT_OBJC_ISA_USAGE = YES_ERROR;
				CLANG_WARN_EMPTY_BODY = YES;
				CLANG_WARN_ENUM_CONVERSION = YES;
				CLANG_WARN_INT_CONVERSION = YES;
				CLANG_WARN_OBJC_ROOT_CLASS = YES_ERROR;
				CLANG_WARN__DUPLICATE_METHOD_MATCH = YES;
				"CODE_SIGN_IDENTITY[sdk=iphoneos*]" = "iPhone Developer";
				COPY_PHASE_STRIP = NO;
				GCC_C_LANGUAGE_STANDARD = gnu99;
				GCC_DYNAMIC_NO_PIC = NO;
				GCC_OPTIMIZATION_LEVEL = 0;
				GCC_PREPROCESSOR_DEFINITIONS = (
					"DEBUG=1",
					"$(inherited)",
				);
				GCC_SYMBOLS_PRIVATE_EXTERN = NO;
				GCC_WARN_64_TO_32_BIT_CONVERSION = YES;
				GCC_WARN_ABOUT_RETURN_TYPE = YES_ERROR;
				GCC_WARN_UNDECLARED_SELECTOR = YES;
				GCC_WARN_UNINITIALIZED_AUTOS = YES_AGGRESSIVE;
				GCC_WARN_UNUSED_FUNCTION = YES;
				GCC_WARN_UNUSED_VARIABLE = YES;
				IPHONEOS_DEPLOYMENT_TARGET = 7.1;
				ONLY_ACTIVE_ARCH = YES;
				SDKROOT = iphoneos;
			};
			name = Debug;
		};
		2F3BF48C190028BF00D8DCDF /* Release */ = {
			isa = XCBuildConfiguration;
			buildSettings = {
				ALWAYS_SEARCH_USER_PATHS = NO;
				CLANG_CXX_LANGUAGE_STANDARD = "gnu++0x";
				CLANG_CXX_LIBRARY = "libc++";
				CLANG_ENABLE_MODULES = YES;
				CLANG_ENABLE_OBJC_ARC = YES;
				CLANG_WARN_BOOL_CONVERSION = YES;
				CLANG_WARN_CONSTANT_CONVERSION = YES;
				CLANG_WARN_DIRECT_OBJC_ISA_USAGE = YES_ERROR;
				CLANG_WARN_EMPTY_BODY = YES;
				CLANG_WARN_ENUM_CONVERSION = YES;
				CLANG_WARN_INT_CONVERSION = YES;
				CLANG_WARN_OBJC_ROOT_CLASS = YES_ERROR;
				CLANG_WARN__DUPLICATE_METHOD_MATCH = YES;
				"CODE_SIGN_IDENTITY[sdk=iphoneos*]" = "iPhone Developer";
				COPY_PHASE_STRIP = YES;
				ENABLE_NS_ASSERTIONS = NO;
				GCC_C_LANGUAGE_STANDARD = gnu99;
				GCC_WARN_64_TO_32_BIT_CONVERSION = YES;
				GCC_WARN_ABOUT_RETURN_TYPE = YES_ERROR;
				GCC_WARN_UNDECLARED_SELECTOR = YES;
				GCC_WARN_UNINITIALIZED_AUTOS = YES_AGGRESSIVE;
				GCC_WARN_UNUSED_FUNCTION = YES;
				GCC_WARN_UNUSED_VARIABLE = YES;
				IPHONEOS_DEPLOYMENT_TARGET = 7.1;
				SDKROOT = iphoneos;
				VALIDATE_PRODUCT = YES;
			};
			name = Release;
		};
		2F3BF48E190028BF00D8DCDF /* Debug */ = {
			isa = XCBuildConfiguration;
			buildSettings = {
				ASSETCATALOG_COMPILER_APPICON_NAME = AppIcon;
				ASSETCATALOG_COMPILER_LAUNCHIMAGE_NAME = LaunchImage;
				CODE_SIGN_IDENTITY = "iPhone Developer";
				GCC_PRECOMPILE_PREFIX_HEADER = YES;
				GCC_PREFIX_HEADER = "New2048/New2048-Prefix.pch";
				INFOPLIST_FILE = "New2048/New2048-Info.plist";
				IPHONEOS_DEPLOYMENT_TARGET = 5.0;
				LIBRARY_SEARCH_PATHS = (
					"$(inherited)",
					"$(PROJECT_DIR)/New2048/DomobAdSDK",
					"$(PROJECT_DIR)/New2048/domob_ios_sdk-4.2.3/DomobAdSDK",
					"$(PROJECT_DIR)/New2048/domob_ios_sdk-4.2.3/static",
					library,
					for,
					"64bit-A7",
					"/Users/Apple/Desktop/2048/New2048/New2048/domob_ios_sdk-4.2.3/static",
					library,
					for,
					"64bit-A7",
					"$(PROJECT_DIR)/New2048/domob_ios_sdk-4.2.3/64bit-A7",
				);
				OTHER_LDFLAGS = (
					"-ObjC",
					"-all_load",
				);
				PRODUCT_NAME = "$(TARGET_NAME)";
				VALID_ARCHS = "armv7 armv7s";
				WRAPPER_EXTENSION = app;
			};
			name = Debug;
		};
		2F3BF48F190028BF00D8DCDF /* Release */ = {
			isa = XCBuildConfiguration;
			buildSettings = {
				ASSETCATALOG_COMPILER_APPICON_NAME = AppIcon;
				ASSETCATALOG_COMPILER_LAUNCHIMAGE_NAME = LaunchImage;
				CODE_SIGN_IDENTITY = "iPhone Developer";
				GCC_PRECOMPILE_PREFIX_HEADER = YES;
				GCC_PREFIX_HEADER = "New2048/New2048-Prefix.pch";
				INFOPLIST_FILE = "New2048/New2048-Info.plist";
				IPHONEOS_DEPLOYMENT_TARGET = 5.0;
				LIBRARY_SEARCH_PATHS = (
					"$(inherited)",
					"$(PROJECT_DIR)/New2048/DomobAdSDK",
					"$(PROJECT_DIR)/New2048/domob_ios_sdk-4.2.3/DomobAdSDK",
					"$(PROJECT_DIR)/New2048/domob_ios_sdk-4.2.3/static",
					library,
					for,
					"64bit-A7",
					"/Users/Apple/Desktop/2048/New2048/New2048/domob_ios_sdk-4.2.3/static",
					library,
					for,
					"64bit-A7",
					"$(PROJECT_DIR)/New2048/domob_ios_sdk-4.2.3/64bit-A7",
				);
				OTHER_LDFLAGS = (
					"-ObjC",
					"-all_load",
				);
				PRODUCT_NAME = "$(TARGET_NAME)";
				VALID_ARCHS = "armv7 armv7s";
				WRAPPER_EXTENSION = app;
			};
			name = Release;
		};
		2F3BF491190028BF00D8DCDF /* Debug */ = {
			isa = XCBuildConfiguration;
			buildSettings = {
				BUNDLE_LOADER = "$(BUILT_PRODUCTS_DIR)/New2048.app/New2048";
				FRAMEWORK_SEARCH_PATHS = (
					"$(SDKROOT)/Developer/Library/Frameworks",
					"$(inherited)",
					"$(DEVELOPER_FRAMEWORKS_DIR)",
				);
				GCC_PRECOMPILE_PREFIX_HEADER = YES;
				GCC_PREFIX_HEADER = "New2048/New2048-Prefix.pch";
				GCC_PREPROCESSOR_DEFINITIONS = (
					"DEBUG=1",
					"$(inherited)",
				);
				INFOPLIST_FILE = "New2048Tests/New2048Tests-Info.plist";
				PRODUCT_NAME = "$(TARGET_NAME)";
				TEST_HOST = "$(BUNDLE_LOADER)";
				WRAPPER_EXTENSION = xctest;
			};
			name = Debug;
		};
		2F3BF492190028BF00D8DCDF /* Release */ = {
			isa = XCBuildConfiguration;
			buildSettings = {
				BUNDLE_LOADER = "$(BUILT_PRODUCTS_DIR)/New2048.app/New2048";
				FRAMEWORK_SEARCH_PATHS = (
					"$(SDKROOT)/Developer/Library/Frameworks",
					"$(inherited)",
					"$(DEVELOPER_FRAMEWORKS_DIR)",
				);
				GCC_PRECOMPILE_PREFIX_HEADER = YES;
				GCC_PREFIX_HEADER = "New2048/New2048-Prefix.pch";
				INFOPLIST_FILE = "New2048Tests/New2048Tests-Info.plist";
				PRODUCT_NAME = "$(TARGET_NAME)";
				TEST_HOST = "$(BUNDLE_LOADER)";
				WRAPPER_EXTENSION = xctest;
			};
			name = Release;
		};
/* End XCBuildConfiguration section */

/* Begin XCConfigurationList section */
		2F3BF456190028BE00D8DCDF /* Build configuration list for PBXProject "New2048" */ = {
			isa = XCConfigurationList;
			buildConfigurations = (
				2F3BF48B190028BF00D8DCDF /* Debug */,
				2F3BF48C190028BF00D8DCDF /* Release */,
			);
			defaultConfigurationIsVisible = 0;
			defaultConfigurationName = Release;
		};
		2F3BF48D190028BF00D8DCDF /* Build configuration list for PBXNativeTarget "New2048" */ = {
			isa = XCConfigurationList;
			buildConfigurations = (
				2F3BF48E190028BF00D8DCDF /* Debug */,
				2F3BF48F190028BF00D8DCDF /* Release */,
			);
			defaultConfigurationIsVisible = 0;
			defaultConfigurationName = Release;
		};
		2F3BF490190028BF00D8DCDF /* Build configuration list for PBXNativeTarget "New2048Tests" */ = {
			isa = XCConfigurationList;
			buildConfigurations = (
				2F3BF491190028BF00D8DCDF /* Debug */,
				2F3BF492190028BF00D8DCDF /* Release */,
			);
			defaultConfigurationIsVisible = 0;
			defaultConfigurationName = Release;
		};
/* End XCConfigurationList section */

/* Begin XCVersionGroup section */
		2F3BF472190028BF00D8DCDF /* New2048.xcdatamodeld */ = {
			isa = XCVersionGroup;
			children = (
				2F3BF473190028BF00D8DCDF /* New2048.xcdatamodel */,
			);
			currentVersion = 2F3BF473190028BF00D8DCDF /* New2048.xcdatamodel */;
			path = New2048.xcdatamodeld;
			sourceTree = "<group>";
			versionGroupType = wrapper.xcdatamodel;
		};
/* End XCVersionGroup section */
	};
	rootObject = 2F3BF453190028BE00D8DCDF /* Project object */;
}
