// !$*UTF8*$!
{
	archiveVersion = 1;
	classes = {
	};
	objectVersion = 46;
	objects = {

/* Begin PBXBuildFile section */
		2F3BF45F190028BE00D8DCDF /* Foundation.framework in Frameworks */ = {isa = PBXBuildFile; fileRef = 2F3BF45E190028BE00D8DCDF /* Foundation.framework */; };
		2F3BF461190028BE00D8DCDF /* CoreGraphics.framework in Frameworks */ = {isa = PBXBuildFile; fileRef = 2F3BF460190028BE00D8DCDF /* CoreGraphics.framework */; };
		2F3BF463190028BF00D8DCDF /* UIKit.framework in Frameworks */ = {isa = PBXBuildFile; fileRef = 2F3BF462190028BF00D8DCDF /* UIKit.framework */; };
		2F3BF465190028BF00D8DCDF /* CoreData.framework in Frameworks */ = {isa = PBXBuildFile; fileRef = 2F3BF464190028BF00D8DCDF /* CoreData.framework */; };
		2F3BF46B190028BF00D8DCDF /* InfoPlist.strings in Resources */ = {isa = PBXBuildFile; fileRef = 2F3BF469190028BF00D8DCDF /* InfoPlist.strings */; };
		2F3BF46D190028BF00D8DCDF /* main.m in Sources */ = {isa = PBXBuildFile; fileRef = 2F3BF46C190028BF00D8DCDF /* main.m */; };
		2F3BF471190028BF00D8DCDF /* New2048AppDelegate.m in Sources */ = {isa = PBXBuildFile; fileRef = 2F3BF470190028BF00D8DCDF /* New2048AppDelegate.m */; };
		2F3BF474190028BF00D8DCDF /* New2048.xcdatamodeld in Sources */ = {isa = PBXBuildFile; fileRef = 2F3BF472190028BF00D8DCDF /* New2048.xcdatamodeld */; };
		2F3BF476190028BF00D8DCDF /* Images.xcassets in Resources */ = {isa = PBXBuildFile; fileRef = 2F3BF475190028BF00D8DCDF /* Images.xcassets */; };
		2F3BF47D190028BF00D8DCDF /* XCTest.framework in Frameworks */ = {isa = PBXBuildFile; fileRef = 2F3BF47C190028BF00D8DCDF /* XCTest.framework */; };
		2F3BF47E190028BF00D8DCDF /* Foundation.framework in Frameworks */ = {isa = PBXBuildFile; fileRef = 2F3BF45E190028BE00D8DCDF /* Foundation.framework */; };
		2F3BF47F190028BF00D8DCDF /* UIKit.framework in Frameworks */ = {isa = PBXBuildFile; fileRef = 2F3BF462190028BF00D8DCDF /* UIKit.framework */; };
		2F3BF480190028BF00D8DCDF /* CoreData.framework in Frameworks */ = {isa = PBXBuildFile; fileRef = 2F3BF464190028BF00D8DCDF /* CoreData.framework */; };
		2F3BF488190028BF00D8DCDF /* InfoPlist.strings in Resources */ = {isa = PBXBuildFile; fileRef = 2F3BF486190028BF00D8DCDF /* InfoPlist.strings */; };
		2F3BF48A190028BF00D8DCDF /* New2048Tests.m in Sources */ = {isa = PBXBuildFile; fileRef = 2F3BF489190028BF00D8DCDF /* New2048Tests.m */; };
		2F3BF4981900294100D8DCDF /* Global.cpp in Sources */ = {isa = PBXBuildFile; fileRef = 2F3BF4961900294100D8DCDF /* Global.cpp */; };
		2F3BF49B1900298A00D8DCDF /* DatabaseAccessor.m in Sources */ = {isa = PBXBuildFile; fileRef = 2F3BF49A1900298A00D8DCDF /* DatabaseAccessor.m */; };
		2F3BF49F19002A0200D8DCDF /* GameViewController.m in Sources */ = {isa = PBXBuildFile; fileRef = 2F3BF49D19002A0200D8DCDF /* GameViewController.m */; };
		2F3BF4A019002A0200D8DCDF /* GameViewController.xib in Resources */ = {isa = PBXBuildFile; fileRef = 2F3BF49E19002A0200D8DCDF /* GameViewController.xib */; };
		2F3BF4A419002A3700D8DCDF /* OptionViewController.m in Sources */ = {isa = PBXBuildFile; fileRef = 2F3BF4A219002A3700D8DCDF /* OptionViewController.m */; };
		2F3BF4A519002A3700D8DCDF /* OptionViewController.xib in Resources */ = {isa = PBXBuildFile; fileRef = 2F3BF4A319002A3700D8DCDF /* OptionViewController.xib */; };
/* End PBXBuildFile section */

/* Begin PBXContainerItemProxy section */
		2F3BF481190028BF00D8DCDF /* PBXContainerItemProxy */ = {
			isa = PBXContainerItemProxy;
			containerPortal = 2F3BF453190028BE00D8DCDF /* Project object */;
			proxyType = 1;
			remoteGlobalIDString = 2F3BF45A190028BE00D8DCDF;
			remoteInfo = New2048;
		};
/* End PBXContainerItemProxy section */

/* Begin PBXFileReference section */
		2F3BF45B190028BE00D8DCDF /* New2048.app */ = {isa = PBXFileReference; explicitFileType = wrapper.application; includeInIndex = 0; path = New2048.app; sourceTree = BUILT_PRODUCTS_DIR; };
		2F3BF45E190028BE00D8DCDF /* Foundation.framework */ = {isa = PBXFileReference; lastKnownFileType = wrapper.framework; name = Foundation.framework; path = System/Library/Frameworks/Foundation.framework; sourceTree = SDKROOT; };
		2F3BF460190028BE00D8DCDF /* CoreGraphics.framework */ = {isa = PBXFileReference; lastKnownFileType = wrapper.framework; name = CoreGraphics.framework; path = System/Library/Frameworks/CoreGraphics.framework; sourceTree = SDKROOT; };
		2F3BF462190028BF00D8DCDF /* UIKit.framework */ = {isa = PBXFileReference; lastKnownFileType = wrapper.framework; name = UIKit.framework; path = System/Library/Frameworks/UIKit.framework; sourceTree = SDKROOT; };
		2F3BF464190028BF00D8DCDF /* CoreData.framework */ = {isa = PBXFileReference; lastKnownFileType = wrapper.framework; name = CoreData.framework; path = System/Library/Frameworks/CoreData.framework; sourceTree = SDKROOT; };
		2F3BF468190028BF00D8DCDF /* New2048-Info.plist */ = {isa = PBXFileReference; lastKnownFileType = text.plist.xml; path = "New2048-Info.plist"; sourceTree = "<group>"; };
		2F3BF46A190028BF00D8DCDF /* en */ = {isa = PBXFileReference; lastKnownFileType = text.plist.strings; name = en; path = en.lproj/InfoPlist.strings; sourceTree = "<group>"; };
		2F3BF46C190028BF00D8DCDF /* main.m */ = {isa = PBXFileReference; lastKnownFileType = sourcecode.c.objc; path = main.m; sourceTree = "<group>"; };
		2F3BF46E190028BF00D8DCDF /* New2048-Prefix.pch */ = {isa = PBXFileReference; lastKnownFileType = sourcecode.c.h; path = "New2048-Prefix.pch"; sourceTree = "<group>"; };
		2F3BF46F190028BF00D8DCDF /* New2048AppDelegate.h */ = {isa = PBXFileReference; lastKnownFileType = sourcecode.c.h; path = New2048AppDelegate.h; sourceTree = "<group>"; };
		2F3BF470190028BF00D8DCDF /* New2048AppDelegate.m */ = {isa = PBXFileReference; lastKnownFileType = sourcecode.c.objc; path = New2048AppDelegate.m; sourceTree = "<group>"; };
		2F3BF473190028BF00D8DCDF /* New2048.xcdatamodel */ = {isa = PBXFileReference; lastKnownFileType = wrapper.xcdatamodel; path = New2048.xcdatamodel; sourceTree = "<group>"; };
		2F3BF475190028BF00D8DCDF /* Images.xcassets */ = {isa = PBXFileReference; lastKnownFileType = folder.assetcatalog; path = Images.xcassets; sourceTree = "<group>"; };
		2F3BF47B190028BF00D8DCDF /* New2048Tests.xctest */ = {isa = PBXFileReference; explicitFileType = wrapper.cfbundle; includeInIndex = 0; path = New2048Tests.xctest; sourceTree = BUILT_PRODUCTS_DIR; };
		2F3BF47C190028BF00D8DCDF /* XCTest.framework */ = {isa = PBXFileReference; lastKnownFileType = wrapper.framework; name = XCTest.framework; path = Library/Frameworks/XCTest.framework; sourceTree = DEVELOPER_DIR; };
		2F3BF485190028BF00D8DCDF /* New2048Tests-Info.plist */ = {isa = PBXFileReference; lastKnownFileType = text.plist.xml; path = "New2048Tests-Info.plist"; sourceTree = "<group>"; };
		2F3BF487190028BF00D8DCDF /* en */ = {isa = PBXFileReference; lastKnownFileType = text.plist.strings; name = en; path = en.lproj/InfoPlist.strings; sourceTree = "<group>"; };
		2F3BF489190028BF00D8DCDF /* New2048Tests.m */ = {isa = PBXFileReference; lastKnownFileType = sourcecode.c.objc; path = New2048Tests.m; sourceTree = "<group>"; };
		2F3BF4961900294100D8DCDF /* Global.cpp */ = {isa = PBXFileReference; fileEncoding = 4; lastKnownFileType = sourcecode.cpp.cpp; path = Global.cpp; sourceTree = "<group>"; };
		2F3BF4971900294100D8DCDF /* Global.h */ = {isa = PBXFileReference; fileEncoding = 4; lastKnownFileType = sourcecode.c.h; path = Global.h; sourceTree = "<group>"; };
		2F3BF4991900298A00D8DCDF /* DatabaseAccessor.h */ = {isa = PBXFileReference; fileEncoding = 4; lastKnownFileType = sourcecode.c.h; path = DatabaseAccessor.h; sourceTree = "<group>"; };
		2F3BF49A1900298A00D8DCDF /* DatabaseAccessor.m */ = {isa = PBXFileReference; fileEncoding = 4; lastKnownFileType = sourcecode.c.objc; path = DatabaseAccessor.m; sourceTree = "<group>"; };
		2F3BF49C19002A0200D8DCDF /* GameViewController.h */ = {isa = PBXFileReference; fileEncoding = 4; lastKnownFileType = sourcecode.c.h; path = GameViewController.h; sourceTree = "<group>"; };
		2F3BF49D19002A0200D8DCDF /* GameViewController.m */ = {isa = PBXFileReference; fileEncoding = 4; lastKnownFileType = sourcecode.c.objc; path = GameViewController.m; sourceTree = "<group>"; };
		2F3BF49E19002A0200D8DCDF /* GameViewController.xib */ = {isa = PBXFileReference; fileEncoding = 4; lastKnownFileType = file.xib; path = GameViewController.xib; sourceTree = "<group>"; };
		2F3BF4A119002A3700D8DCDF /* OptionViewController.h */ = {isa = PBXFileReference; fileEncoding = 4; lastKnownFileType = sourcecode.c.h; path = OptionViewController.h; sourceTree = "<group>"; };
		2F3BF4A219002A3700D8DCDF /* OptionViewController.m */ = {isa = PBXFileReference; fileEncoding = 4; lastKnownFileType = sourcecode.c.objc; path = OptionViewController.m; sourceTree = "<group>"; };
		2F3BF4A319002A3700D8DCDF /* OptionViewController.xib */ = {isa = PBXFileReference; fileEncoding = 4; lastKnownFileType = file.xib; path = OptionViewController.xib; sourceTree = "<group>"; };
/* End PBXFileReference section */

/* Begin PBXFrameworksBuildPhase section */
		2F3BF458190028BE00D8DCDF /* Frameworks */ = {
			isa = PBXFrameworksBuildPhase;
			buildActionMask = 2147483647;
			files = (
				2F3BF461190028BE00D8DCDF /* CoreGraphics.framework in Frameworks */,
				2F3BF465190028BF00D8DCDF /* CoreData.framework in Frameworks */,
				2F3BF463190028BF00D8DCDF /* UIKit.framework in Frameworks */,
				2F3BF45F190028BE00D8DCDF /* Foundation.framework in Frameworks */,
			);
			runOnlyForDeploymentPostprocessing = 0;
		};
		2F3BF478190028BF00D8DCDF /* Frameworks */ = {
			isa = PBXFrameworksBuildPhase;
			buildActionMask = 2147483647;
			files = (
				2F3BF47D190028BF00D8DCDF /* XCTest.framework in Frameworks */,
				2F3BF480190028BF00D8DCDF /* CoreData.framework in Frameworks */,
				2F3BF47F190028BF00D8DCDF /* UIKit.framework in Frameworks */,
				2F3BF47E190028BF00D8DCDF /* Foundation.framework in Frameworks */,
			);
			runOnlyForDeploymentPostprocessing = 0;
		};
/* End PBXFrameworksBuildPhase section */

/* Begin PBXGroup section */
		2F3BF452190028BE00D8DCDF = {
			isa = PBXGroup;
			children = (
				2F3BF466190028BF00D8DCDF /* New2048 */,
				2F3BF483190028BF00D8DCDF /* New2048Tests */,
				2F3BF45D190028BE00D8DCDF /* Frameworks */,
				2F3BF45C190028BE00D8DCDF /* Products */,
			);
			sourceTree = "<group>";
		};
		2F3BF45C190028BE00D8DCDF /* Products */ = {
			isa = PBXGroup;
			children = (
				2F3BF45B190028BE00D8DCDF /* New2048.app */,
				2F3BF47B190028BF00D8DCDF /* New2048Tests.xctest */,
			);
			name = Products;
			sourceTree = "<group>";
		};
		2F3BF45D190028BE00D8DCDF /* Frameworks */ = {
			isa = PBXGroup;
			children = (
				2F3BF45E190028BE00D8DCDF /* Foundation.framework */,
				2F3BF460190028BE00D8DCDF /* CoreGraphics.framework */,
				2F3BF462190028BF00D8DCDF /* UIKit.framework */,
				2F3BF464190028BF00D8DCDF /* CoreData.framework */,
				2F3BF47C190028BF00D8DCDF /* XCTest.framework */,
			);
			name = Frameworks;
			sourceTree = "<group>";
		};
		2F3BF466190028BF00D8DCDF /* New2048 */ = {
			isa = PBXGroup;
			children = (
				2F3BF493190028D800D8DCDF /* Utilies */,
				2F3BF46F190028BF00D8DCDF /* New2048AppDelegate.h */,
				2F3BF470190028BF00D8DCDF /* New2048AppDelegate.m */,
				2F3BF475190028BF00D8DCDF /* Images.xcassets */,
				2F3BF472190028BF00D8DCDF /* New2048.xcdatamodeld */,
				2F3BF467190028BF00D8DCDF /* Supporting Files */,
				2F3BF4961900294100D8DCDF /* Global.cpp */,
				2F3BF4971900294100D8DCDF /* Global.h */,
				2F3BF49C19002A0200D8DCDF /* GameViewController.h */,
				2F3BF49D19002A0200D8DCDF /* GameViewController.m */,
				2F3BF49E19002A0200D8DCDF /* GameViewController.xib */,
				2F3BF4A119002A3700D8DCDF /* OptionViewController.h */,
				2F3BF4A219002A3700D8DCDF /* OptionViewController.m */,
				2F3BF4A319002A3700D8DCDF /* OptionViewController.xib */,
			);
			path = New2048;
			sourceTree = "<group>";
		};
		2F3BF467190028BF00D8DCDF /* Supporting Files */ = {
			isa = PBXGroup;
			children = (
				2F3BF468190028BF00D8DCDF /* New2048-Info.plist */,
				2F3BF469190028BF00D8DCDF /* InfoPlist.strings */,
				2F3BF46C190028BF00D8DCDF /* main.m */,
				2F3BF46E190028BF00D8DCDF /* New2048-Prefix.pch */,
			);
			name = "Supporting Files";
			sourceTree = "<group>";
		};
		2F3BF483190028BF00D8DCDF /* New2048Tests */ = {
			isa = PBXGroup;
			children = (
				2F3BF489190028BF00D8DCDF /* New2048Tests.m */,
				2F3BF484190028BF00D8DCDF /* Supporting Files */,
			);
			path = New2048Tests;
			sourceTree = "<group>";
		};
		2F3BF484190028BF00D8DCDF /* Supporting Files */ = {
			isa = PBXGroup;
			children = (
				2F3BF485190028BF00D8DCDF /* New2048Tests-Info.plist */,
				2F3BF486190028BF00D8DCDF /* InfoPlist.strings */,
			);
			name = "Supporting Files";
			sourceTree = "<group>";
		};
		2F3BF493190028D800D8DCDF /* Utilies */ = {
			isa = PBXGroup;
			children = (
				2F3BF4991900298A00D8DCDF /* DatabaseAccessor.h */,
				2F3BF49A1900298A00D8DCDF /* DatabaseAccessor.m */,
			);
			path = Utilies;
			sourceTree = "<group>";
		};
/* End PBXGroup section */

/* Begin PBXNativeTarget section */
		2F3BF45A190028BE00D8DCDF /* New2048 */ = {
			isa = PBXNativeTarget;
			buildConfigurationList = 2F3BF48D190028BF00D8DCDF /* Build configuration list for PBXNativeTarget "New2048" */;
			buildPhases = (
				2F3BF457190028BE00D8DCDF /* Sources */,
				2F3BF458190028BE00D8DCDF /* Frameworks */,
				2F3BF459190028BE00D8DCDF /* Resources */,
			);
			buildRules = (
			);
			dependencies = (
			);
			name = New2048;
			productName = New2048;
			productReference = 2F3BF45B190028BE00D8DCDF /* New2048.app */;
			productType = "com.apple.product-type.application";
		};
		2F3BF47A190028BF00D8DCDF /* New2048Tests */ = {
			isa = PBXNativeTarget;
			buildConfigurationList = 2F3BF490190028BF00D8DCDF /* Build configuration list for PBXNativeTarget "New2048Tests" */;
			buildPhases = (
				2F3BF477190028BF00D8DCDF /* Sources */,
				2F3BF478190028BF00D8DCDF /* Frameworks */,
				2F3BF479190028BF00D8DCDF /* Resources */,
			);
			buildRules = (
			);
			dependencies = (
				2F3BF482190028BF00D8DCDF /* PBXTargetDependency */,
			);
			name = New2048Tests;
			productName = New2048Tests;
			productReference = 2F3BF47B190028BF00D8DCDF /* New2048Tests.xctest */;
			productType = "com.apple.product-type.bundle.unit-test";
		};
/* End PBXNativeTarget section */

/* Begin PBXProject section */
		2F3BF453190028BE00D8DCDF /* Project object */ = {
			isa = PBXProject;
			attributes = {
				CLASSPREFIX = New2048;
				LastUpgradeCheck = 0510;
				ORGANIZATIONNAME = "Chen Xiangwen";
				TargetAttributes = {
					2F3BF47A190028BF00D8DCDF = {
						TestTargetID = 2F3BF45A190028BE00D8DCDF;
					};
				};
			};
			buildConfigurationList = 2F3BF456190028BE00D8DCDF /* Build configuration list for PBXProject "New2048" */;
			compatibilityVersion = "Xcode 3.2";
			developmentRegion = English;
			hasScannedForEncodings = 0;
			knownRegions = (
				en,
			);
			mainGroup = 2F3BF452190028BE00D8DCDF;
			productRefGroup = 2F3BF45C190028BE00D8DCDF /* Products */;
			projectDirPath = "";
			projectRoot = "";
			targets = (
				2F3BF45A190028BE00D8DCDF /* New2048 */,
				2F3BF47A190028BF00D8DCDF /* New2048Tests */,
			);
		};
/* End PBXProject section */

/* Begin PBXResourcesBuildPhase section */
		2F3BF459190028BE00D8DCDF /* Resources */ = {
			isa = PBXResourcesBuildPhase;
			buildActionMask = 2147483647;
			files = (
				2F3BF46B190028BF00D8DCDF /* InfoPlist.strings in Resources */,
				2F3BF4A519002A3700D8DCDF /* OptionViewController.xib in Resources */,
				2F3BF476190028BF00D8DCDF /* Images.xcassets in Resources */,
				2F3BF4A019002A0200D8DCDF /* GameViewController.xib in Resources */,
			);
			runOnlyForDeploymentPostprocessing = 0;
		};
		2F3BF479190028BF00D8DCDF /* Resources */ = {
			isa = PBXResourcesBuildPhase;
			buildActionMask = 2147483647;
			files = (
				2F3BF488190028BF00D8DCDF /* InfoPlist.strings in Resources */,
			);
			runOnlyForDeploymentPostprocessing = 0;
		};
/* End PBXResourcesBuildPhase section */

/* Begin PBXSourcesBuildPhase section */
		2F3BF457190028BE00D8DCDF /* Sources */ = {
			isa = PBXSourcesBuildPhase;
			buildActionMask = 2147483647;
			files = (
				2F3BF4A419002A3700D8DCDF /* OptionViewController.m in Sources */,
				2F3BF4981900294100D8DCDF /* Global.cpp in Sources */,
				2F3BF474190028BF00D8DCDF /* New2048.xcdatamodeld in Sources */,
				2F3BF49B1900298A00D8DCDF /* DatabaseAccessor.m in Sources */,
				2F3BF46D190028BF00D8DCDF /* main.m in Sources */,
				2F3BF49F19002A0200D8DCDF /* GameViewController.m in Sources */,
				2F3BF471190028BF00D8DCDF /* New2048AppDelegate.m in Sources */,
			);
			runOnlyForDeploymentPostprocessing = 0;
		};
		2F3BF477190028BF00D8DCDF /* Sources */ = {
			isa = PBXSourcesBuildPhase;
			buildActionMask = 2147483647;
			files = (
				2F3BF48A190028BF00D8DCDF /* New2048Tests.m in Sources */,
			);
			runOnlyForDeploymentPostprocessing = 0;
		};
/* End PBXSourcesBuildPhase section */

/* Begin PBXTargetDependency section */
		2F3BF482190028BF00D8DCDF /* PBXTargetDependency */ = {
			isa = PBXTargetDependency;
			target = 2F3BF45A190028BE00D8DCDF /* New2048 */;
			targetProxy = 2F3BF481190028BF00D8DCDF /* PBXContainerItemProxy */;
		};
/* End PBXTargetDependency section */

/* Begin PBXVariantGroup section */
		2F3BF469190028BF00D8DCDF /* InfoPlist.strings */ = {
			isa = PBXVariantGroup;
			children = (
				2F3BF46A190028BF00D8DCDF /* en */,
			);
			name = InfoPlist.strings;
			sourceTree = "<group>";
		};
		2F3BF486190028BF00D8DCDF /* InfoPlist.strings */ = {
			isa = PBXVariantGroup;
			children = (
				2F3BF487190028BF00D8DCDF /* en */,
			);
			name = InfoPlist.strings;
			sourceTree = "<group>";
		};
/* End PBXVariantGroup section */

/* Begin XCBuildConfiguration section */
		2F3BF48B190028BF00D8DCDF /* Debug */ = {
			isa = XCBuildConfiguration;
			buildSettings = {
				ALWAYS_SEARCH_USER_PATHS = NO;
				CLANG_CXX_LANGUAGE_STANDARD = "gnu++0x";
				CLANG_CXX_LIBRARY = "libc++";
				CLANG_ENABLE_MODULES = YES;
				CLANG_ENABLE_OBJC_ARC = YES;
				CLANG_WARN_BOOL_CONVERSION = YES;
				CLANG_WARN_CONSTANT_CONVERSION = YES;
				CLANG_WARN_DIRECT_OBJC_ISA_USAGE = YES_ERROR;
				CLANG_WARN_EMPTY_BODY = YES;
				CLANG_WARN_ENUM_CONVERSION = YES;
				CLANG_WARN_INT_CONVERSION = YES;
				CLANG_WARN_OBJC_ROOT_CLASS = YES_ERROR;
				CLANG_WARN__DUPLICATE_METHOD_MATCH = YES;
				"CODE_SIGN_IDENTITY[sdk=iphoneos*]" = "iPhone Developer";
				COPY_PHASE_STRIP = NO;
				GCC_C_LANGUAGE_STANDARD = gnu99;
				GCC_DYNAMIC_NO_PIC = NO;
				GCC_OPTIMIZATION_LEVEL = 0;
				GCC_PREPROCESSOR_DEFINITIONS = (
					"DEBUG=1",
					"$(inherited)",
				);
				GCC_SYMBOLS_PRIVATE_EXTERN = NO;
				GCC_WARN_64_TO_32_BIT_CONVERSION = YES;
				GCC_WARN_ABOUT_RETURN_TYPE = YES_ERROR;
				GCC_WARN_UNDECLARED_SELECTOR = YES;
				GCC_WARN_UNINITIALIZED_AUTOS = YES_AGGRESSIVE;
				GCC_WARN_UNUSED_FUNCTION = YES;
				GCC_WARN_UNUSED_VARIABLE = YES;
				IPHONEOS_DEPLOYMENT_TARGET = 7.1;
				ONLY_ACTIVE_ARCH = YES;
				SDKROOT = iphoneos;
			};
			name = Debug;
		};
		2F3BF48C190028BF00D8DCDF /* Release */ = {
			isa = XCBuildConfiguration;
			buildSettings = {
				ALWAYS_SEARCH_USER_PATHS = NO;
				CLANG_CXX_LANGUAGE_STANDARD = "gnu++0x";
				CLANG_CXX_LIBRARY = "libc++";
				CLANG_ENABLE_MODULES = YES;
				CLANG_ENABLE_OBJC_ARC = YES;
				CLANG_WARN_BOOL_CONVERSION = YES;
				CLANG_WARN_CONSTANT_CONVERSION = YES;
				CLANG_WARN_DIRECT_OBJC_ISA_USAGE = YES_ERROR;
				CLANG_WARN_EMPTY_BODY = YES;
				CLANG_WARN_ENUM_CONVERSION = YES;
				CLANG_WARN_INT_CONVERSION = YES;
				CLANG_WARN_OBJC_ROOT_CLASS = YES_ERROR;
				CLANG_WARN__DUPLICATE_METHOD_MATCH = YES;
				"CODE_SIGN_IDENTITY[sdk=iphoneos*]" = "iPhone Developer";
				COPY_PHASE_STRIP = YES;
				ENABLE_NS_ASSERTIONS = NO;
				GCC_C_LANGUAGE_STANDARD = gnu99;
				GCC_WARN_64_TO_32_BIT_CONVERSION = YES;
				GCC_WARN_ABOUT_RETURN_TYPE = YES_ERROR;
				GCC_WARN_UNDECLARED_SELECTOR = YES;
				GCC_WARN_UNINITIALIZED_AUTOS = YES_AGGRESSIVE;
				GCC_WARN_UNUSED_FUNCTION = YES;
				GCC_WARN_UNUSED_VARIABLE = YES;
				IPHONEOS_DEPLOYMENT_TARGET = 7.1;
				SDKROOT = iphoneos;
				VALIDATE_PRODUCT = YES;
			};
			name = Release;
		};
		2F3BF48E190028BF00D8DCDF /* Debug */ = {
			isa = XCBuildConfiguration;
			buildSettings = {
				ASSETCATALOG_COMPILER_APPICON_NAME = AppIcon;
				ASSETCATALOG_COMPILER_LAUNCHIMAGE_NAME = LaunchImage;
				GCC_PRECOMPILE_PREFIX_HEADER = YES;
				GCC_PREFIX_HEADER = "New2048/New2048-Prefix.pch";
				INFOPLIST_FILE = "New2048/New2048-Info.plist";
				PRODUCT_NAME = "$(TARGET_NAME)";
				WRAPPER_EXTENSION = app;
			};
			name = Debug;
		};
		2F3BF48F190028BF00D8DCDF /* Release */ = {
			isa = XCBuildConfiguration;
			buildSettings = {
				ASSETCATALOG_COMPILER_APPICON_NAME = AppIcon;
				ASSETCATALOG_COMPILER_LAUNCHIMAGE_NAME = LaunchImage;
				GCC_PRECOMPILE_PREFIX_HEADER = YES;
				GCC_PREFIX_HEADER = "New2048/New2048-Prefix.pch";
				INFOPLIST_FILE = "New2048/New2048-Info.plist";
				PRODUCT_NAME = "$(TARGET_NAME)";
				WRAPPER_EXTENSION = app;
			};
			name = Release;
		};
		2F3BF491190028BF00D8DCDF /* Debug */ = {
			isa = XCBuildConfiguration;
			buildSettings = {
				BUNDLE_LOADER = "$(BUILT_PRODUCTS_DIR)/New2048.app/New2048";
				FRAMEWORK_SEARCH_PATHS = (
					"$(SDKROOT)/Developer/Library/Frameworks",
					"$(inherited)",
					"$(DEVELOPER_FRAMEWORKS_DIR)",
				);
				GCC_PRECOMPILE_PREFIX_HEADER = YES;
				GCC_PREFIX_HEADER = "New2048/New2048-Prefix.pch";
				GCC_PREPROCESSOR_DEFINITIONS = (
					"DEBUG=1",
					"$(inherited)",
				);
				INFOPLIST_FILE = "New2048Tests/New2048Tests-Info.plist";
				PRODUCT_NAME = "$(TARGET_NAME)";
				TEST_HOST = "$(BUNDLE_LOADER)";
				WRAPPER_EXTENSION = xctest;
			};
			name = Debug;
		};
		2F3BF492190028BF00D8DCDF /* Release */ = {
			isa = XCBuildConfiguration;
			buildSettings = {
				BUNDLE_LOADER = "$(BUILT_PRODUCTS_DIR)/New2048.app/New2048";
				FRAMEWORK_SEARCH_PATHS = (
					"$(SDKROOT)/Developer/Library/Frameworks",
					"$(inherited)",
					"$(DEVELOPER_FRAMEWORKS_DIR)",
				);
				GCC_PRECOMPILE_PREFIX_HEADER = YES;
				GCC_PREFIX_HEADER = "New2048/New2048-Prefix.pch";
				INFOPLIST_FILE = "New2048Tests/New2048Tests-Info.plist";
				PRODUCT_NAME = "$(TARGET_NAME)";
				TEST_HOST = "$(BUNDLE_LOADER)";
				WRAPPER_EXTENSION = xctest;
			};
			name = Release;
		};
/* End XCBuildConfiguration section */

/* Begin XCConfigurationList section */
		2F3BF456190028BE00D8DCDF /* Build configuration list for PBXProject "New2048" */ = {
			isa = XCConfigurationList;
			buildConfigurations = (
				2F3BF48B190028BF00D8DCDF /* Debug */,
				2F3BF48C190028BF00D8DCDF /* Release */,
			);
			defaultConfigurationIsVisible = 0;
			defaultConfigurationName = Release;
		};
		2F3BF48D190028BF00D8DCDF /* Build configuration list for PBXNativeTarget "New2048" */ = {
			isa = XCConfigurationList;
			buildConfigurations = (
				2F3BF48E190028BF00D8DCDF /* Debug */,
				2F3BF48F190028BF00D8DCDF /* Release */,
			);
			defaultConfigurationIsVisible = 0;
		};
		2F3BF490190028BF00D8DCDF /* Build configuration list for PBXNativeTarget "New2048Tests" */ = {
			isa = XCConfigurationList;
			buildConfigurations = (
				2F3BF491190028BF00D8DCDF /* Debug */,
				2F3BF492190028BF00D8DCDF /* Release */,
			);
			defaultConfigurationIsVisible = 0;
		};
/* End XCConfigurationList section */

/* Begin XCVersionGroup section */
		2F3BF472190028BF00D8DCDF /* New2048.xcdatamodeld */ = {
			isa = XCVersionGroup;
			children = (
				2F3BF473190028BF00D8DCDF /* New2048.xcdatamodel */,
			);
			currentVersion = 2F3BF473190028BF00D8DCDF /* New2048.xcdatamodel */;
			path = New2048.xcdatamodeld;
			sourceTree = "<group>";
			versionGroupType = wrapper.xcdatamodel;
		};
/* End XCVersionGroup section */
	};
	rootObject = 2F3BF453190028BE00D8DCDF /* Project object */;
}
